// !$*UTF8*$!
{
	archiveVersion = 1;
	classes = {
	};
	objectVersion = 48;
	objects = {

/* Begin PBXBuildFile section */
		6B05F53A203496AF0028F053 /* RssArticle.swift in Sources */ = {isa = PBXBuildFile; fileRef = 6B05F539203496AF0028F053 /* RssArticle.swift */; };
		6B0C2A7C20ED362300813EA6 /* ContentTableViewController.swift in Sources */ = {isa = PBXBuildFile; fileRef = 6B0C2A7B20ED362300813EA6 /* ContentTableViewController.swift */; };
		6B0E165920373E420035C75B /* StringExtension.swift in Sources */ = {isa = PBXBuildFile; fileRef = 6B0E165820373E420035C75B /* StringExtension.swift */; };
		6B0E1662203741510035C75B /* URLExtension.swift in Sources */ = {isa = PBXBuildFile; fileRef = 6B0E1661203741510035C75B /* URLExtension.swift */; };
		6B0E1664203748840035C75B /* FakeRSSClient.swift in Sources */ = {isa = PBXBuildFile; fileRef = 6B0E1663203748840035C75B /* FakeRSSClient.swift */; };
		6B0E1666203A00E40035C75B /* Swinject.framework in Frameworks */ = {isa = PBXBuildFile; fileRef = 6B0E1665203A00E40035C75B /* Swinject.framework */; };
		6B0E1669203A04C10035C75B /* macg.xml in Resources */ = {isa = PBXBuildFile; fileRef = 6B0E1668203A04C10035C75B /* macg.xml */; };
		6B1A4B5820CAE1F30071C67B /* RssArticlesRequest.swift in Sources */ = {isa = PBXBuildFile; fileRef = 6B1A4B5720CAE1F30071C67B /* RssArticlesRequest.swift */; };
		6B1A4B5A20CB1BF70071C67B /* ImageFetcher.swift in Sources */ = {isa = PBXBuildFile; fileRef = 6B1A4B5920CB1BF70071C67B /* ImageFetcher.swift */; };
		6B1D7B602135CAE200BDC89D /* HTMLString.framework in Frameworks */ = {isa = PBXBuildFile; fileRef = 6BE1846D2135CAC700DEA4FA /* HTMLString.framework */; };
		6B1D7B612135CAE200BDC89D /* FeedKit.framework in Frameworks */ = {isa = PBXBuildFile; fileRef = 6BE1846E2135CAC700DEA4FA /* FeedKit.framework */; };
		6B1D7B652135EDC500BDC89D /* TCArticle.swift in Sources */ = {isa = PBXBuildFile; fileRef = 6B1D7B642135EDC500BDC89D /* TCArticle.swift */; };
		6B1D7B672135EDF200BDC89D /* ArticleUpdater.swift in Sources */ = {isa = PBXBuildFile; fileRef = 6B1D7B662135EDF200BDC89D /* ArticleUpdater.swift */; };
		6B1D7B692135EE7700BDC89D /* FeedSupport.swift in Sources */ = {isa = PBXBuildFile; fileRef = 6B1D7B682135EE7700BDC89D /* FeedSupport.swift */; };
		6B1D7B6B2135EF1100BDC89D /* ArticlesFetcher.swift in Sources */ = {isa = PBXBuildFile; fileRef = 6B1D7B6A2135EF1100BDC89D /* ArticlesFetcher.swift */; };
		6B1D7B6D2135EF3B00BDC89D /* ArticleJsonConverter.swift in Sources */ = {isa = PBXBuildFile; fileRef = 6B1D7B6C2135EF3B00BDC89D /* ArticleJsonConverter.swift */; };
		6B2FF8D220FBBBD7003A91BE /* SafariActivity.swift in Sources */ = {isa = PBXBuildFile; fileRef = 6B2FF8D120FBBBD7003A91BE /* SafariActivity.swift */; };
		6B2FF8D420FC687D003A91BE /* ArticleTheme.swift in Sources */ = {isa = PBXBuildFile; fileRef = 6B2FF8D320FC687D003A91BE /* ArticleTheme.swift */; };
		6B3A5459217369C300EB9637 /* FilterVCCell.swift in Sources */ = {isa = PBXBuildFile; fileRef = 6B3A5457217369C300EB9637 /* FilterVCCell.swift */; };
		6B3A545A217369C300EB9637 /* FilterVCCell.xib in Resources */ = {isa = PBXBuildFile; fileRef = 6B3A5458217369C300EB9637 /* FilterVCCell.xib */; };
		6B413AE3210A2D3300A0AC69 /* ImageFetcherKF.swift in Sources */ = {isa = PBXBuildFile; fileRef = 6B413AE2210A2D3300A0AC69 /* ImageFetcherKF.swift */; };
		6B4A099920F509B6009B3FD8 /* RssFeedRequest.swift in Sources */ = {isa = PBXBuildFile; fileRef = 6B4A099820F509B6009B3FD8 /* RssFeedRequest.swift */; };
		6B62A89E2130590C001EDAD4 /* ThemeClassifierTermsMultiLocalization.swift in Sources */ = {isa = PBXBuildFile; fileRef = 6B62A89D2130590C001EDAD4 /* ThemeClassifierTermsMultiLocalization.swift */; };
		6B7F7DFC21384178000AE589 /* ArticlesJsonFileIO.swift in Sources */ = {isa = PBXBuildFile; fileRef = 6B7F7DFB21384178000AE589 /* ArticlesJsonFileIO.swift */; };
		6B7F7DFE213843CE000AE589 /* NAError.swift in Sources */ = {isa = PBXBuildFile; fileRef = 6B7F7DFD213843CE000AE589 /* NAError.swift */; };
		6B828660204A977B00AB9242 /* mac4ever.xml in Resources */ = {isa = PBXBuildFile; fileRef = 6B82865F204A977A00AB9242 /* mac4ever.xml */; };
		6B828662204A9A7600AB9242 /* ArticleViewController.swift in Sources */ = {isa = PBXBuildFile; fileRef = 6B828661204A9A7600AB9242 /* ArticleViewController.swift */; };
		6B82C350201FC838006FA35D /* AppDelegate.swift in Sources */ = {isa = PBXBuildFile; fileRef = 6B82C34F201FC838006FA35D /* AppDelegate.swift */; };
		6B82C355201FC838006FA35D /* Main.storyboard in Resources */ = {isa = PBXBuildFile; fileRef = 6B82C353201FC838006FA35D /* Main.storyboard */; };
		6B82C357201FC838006FA35D /* Assets.xcassets in Resources */ = {isa = PBXBuildFile; fileRef = 6B82C356201FC838006FA35D /* Assets.xcassets */; };
		6B82C35A201FC838006FA35D /* LaunchScreen.storyboard in Resources */ = {isa = PBXBuildFile; fileRef = 6B82C358201FC838006FA35D /* LaunchScreen.storyboard */; };
		6B82C365201FC838006FA35D /* PommeNewsTests.swift in Sources */ = {isa = PBXBuildFile; fileRef = 6B82C364201FC838006FA35D /* PommeNewsTests.swift */; };
		6B82C370201FC838006FA35D /* PommeNewsUITests.swift in Sources */ = {isa = PBXBuildFile; fileRef = 6B82C36F201FC838006FA35D /* PommeNewsUITests.swift */; };
		6B82C37F201FC963006FA35D /* RSSClient.swift in Sources */ = {isa = PBXBuildFile; fileRef = 6B82C37E201FC963006FA35D /* RSSClient.swift */; };
		6B82C383201FD1C0006FA35D /* RSSFeedsListManager.swift in Sources */ = {isa = PBXBuildFile; fileRef = 6B82C382201FD1C0006FA35D /* RSSFeedsListManager.swift */; };
		6B82C3A620212372006FA35D /* FeedKit.framework in Frameworks */ = {isa = PBXBuildFile; fileRef = 6B82C3A520212371006FA35D /* FeedKit.framework */; };
		6B82C3A8202197C9006FA35D /* RSSFeedType.swift in Sources */ = {isa = PBXBuildFile; fileRef = 6B82C3A7202197C9006FA35D /* RSSFeedType.swift */; };
		6B82C3AA202197E2006FA35D /* RSSFeed.swift in Sources */ = {isa = PBXBuildFile; fileRef = 6B82C3A9202197E2006FA35D /* RSSFeed.swift */; };
		6B82C3AD202197FA006FA35D /* PError.swift in Sources */ = {isa = PBXBuildFile; fileRef = 6B82C3AC202197FA006FA35D /* PError.swift */; };
		6B82C3AF20219806006FA35D /* Result.swift in Sources */ = {isa = PBXBuildFile; fileRef = 6B82C3AE20219806006FA35D /* Result.swift */; };
		6B870AC1209F60AF004EC529 /* StreamManagementViewController.swift in Sources */ = {isa = PBXBuildFile; fileRef = 6B870AC0209F60AF004EC529 /* StreamManagementViewController.swift */; };
		6B870AC3209F623B004EC529 /* MenuFeedCell.swift in Sources */ = {isa = PBXBuildFile; fileRef = 6B870AC2209F623B004EC529 /* MenuFeedCell.swift */; };
		6B870AC5209F6258004EC529 /* MenuFeedCell.xib in Resources */ = {isa = PBXBuildFile; fileRef = 6B870AC4209F6258004EC529 /* MenuFeedCell.xib */; };
		6BA21F3C2098F8E60075F4CD /* RSSManager.swift in Sources */ = {isa = PBXBuildFile; fileRef = 6BA21F3B2098F8E50075F4CD /* RSSManager.swift */; };
		6BA21F3E209AD3110075F4CD /* SettingsViewController.swift in Sources */ = {isa = PBXBuildFile; fileRef = 6BA21F3D209AD3110075F4CD /* SettingsViewController.swift */; };
		6BA871D020222272006CCDD9 /* ArticleListCell.xib in Resources */ = {isa = PBXBuildFile; fileRef = 6BA871CF20222272006CCDD9 /* ArticleListCell.xib */; };
		6BAFD26D20852ED800BDD0D3 /* RssPlistFeed.swift in Sources */ = {isa = PBXBuildFile; fileRef = 6BAFD26C20852ED800BDD0D3 /* RssPlistFeed.swift */; };
		6BAFD26F2085311D00BDD0D3 /* CoreDataStack.swift in Sources */ = {isa = PBXBuildFile; fileRef = 6BAFD26E2085311D00BDD0D3 /* CoreDataStack.swift */; };
		6BAFD271208533BD00BDD0D3 /* RssArticlePO.swift in Sources */ = {isa = PBXBuildFile; fileRef = 6BAFD270208533BD00BDD0D3 /* RssArticlePO.swift */; };
		6BAFD2C22085BEBB00BDD0D3 /* NSEntityDescriptionExtension.swift in Sources */ = {isa = PBXBuildFile; fileRef = 6BAFD2C12085BEBB00BDD0D3 /* NSEntityDescriptionExtension.swift */; };
		6BB51C2C2134732E005772A0 /* RSSFeeds.plist in Resources */ = {isa = PBXBuildFile; fileRef = 6B82C380201FD03C006FA35D /* RSSFeeds.plist */; };
		6BB51C3421347359005772A0 /* AppDelegate.swift in Sources */ = {isa = PBXBuildFile; fileRef = 6BB51C3321347359005772A0 /* AppDelegate.swift */; };
		6BB51C3621347359005772A0 /* ViewController.swift in Sources */ = {isa = PBXBuildFile; fileRef = 6BB51C3521347359005772A0 /* ViewController.swift */; };
		6BB51C382134735A005772A0 /* Assets.xcassets in Resources */ = {isa = PBXBuildFile; fileRef = 6BB51C372134735A005772A0 /* Assets.xcassets */; };
		6BB51C3B2134735A005772A0 /* Main.storyboard in Resources */ = {isa = PBXBuildFile; fileRef = 6BB51C392134735A005772A0 /* Main.storyboard */; };
		6BB51C5021347363005772A0 /* RSSFeeds.plist in Resources */ = {isa = PBXBuildFile; fileRef = 6B82C380201FD03C006FA35D /* RSSFeeds.plist */; };
		6BB51C522134741B005772A0 /* Result.swift in Sources */ = {isa = PBXBuildFile; fileRef = 6B82C3AE20219806006FA35D /* Result.swift */; };
		6BB51C5321347425005772A0 /* RssArticlePO.swift in Sources */ = {isa = PBXBuildFile; fileRef = 6BAFD270208533BD00BDD0D3 /* RssArticlePO.swift */; };
		6BB51C5421347436005772A0 /* RSSClient.swift in Sources */ = {isa = PBXBuildFile; fileRef = 6B82C37E201FC963006FA35D /* RSSClient.swift */; };
		6BB51C5621347D12005772A0 /* FeedForManualTag.swift in Sources */ = {isa = PBXBuildFile; fileRef = 6BB51C5521347D12005772A0 /* FeedForManualTag.swift */; };
		6BB51C6921348B18005772A0 /* PError.swift in Sources */ = {isa = PBXBuildFile; fileRef = 6B82C3AC202197FA006FA35D /* PError.swift */; };
		6BB51C6A21348B56005772A0 /* RssPlistFeed.swift in Sources */ = {isa = PBXBuildFile; fileRef = 6BAFD26C20852ED800BDD0D3 /* RssPlistFeed.swift */; };
		6BB7C8F6217A32F600B9427A /* UIColorExtension.swift in Sources */ = {isa = PBXBuildFile; fileRef = 6BB7C8F5217A32F600B9427A /* UIColorExtension.swift */; };
		6BB8FC7E2023830C00AB870F /* ArticleListCell.swift in Sources */ = {isa = PBXBuildFile; fileRef = 6BB8FC7D2023830C00AB870F /* ArticleListCell.swift */; };
		6BB8FC812023B7B600AB870F /* ArticlesListVC.swift in Sources */ = {isa = PBXBuildFile; fileRef = 6BB8FC802023B7B600AB870F /* ArticlesListVC.swift */; };
		6BBA09E820B6800C0081D05F /* SideMenu.framework in Frameworks */ = {isa = PBXBuildFile; fileRef = 6BBA09E720B6800C0081D05F /* SideMenu.framework */; };
		6BC9132C203F290600F969DD /* Cartfile in Resources */ = {isa = PBXBuildFile; fileRef = 6BC9132B203F290500F969DD /* Cartfile */; };
		6BC9132E203F35D600F969DD /* HTMLString.framework in Frameworks */ = {isa = PBXBuildFile; fileRef = 6BC9132D203F35D600F969DD /* HTMLString.framework */; };
		6BCD760A20885D6800F584BA /* Inject.swift in Sources */ = {isa = PBXBuildFile; fileRef = 6BCD760920885D6800F584BA /* Inject.swift */; };
		6BD5E585214C015D00ACBE64 /* ArticlesJsonFileIO.swift in Sources */ = {isa = PBXBuildFile; fileRef = 6B7F7DFB21384178000AE589 /* ArticlesJsonFileIO.swift */; };
		6BD5E586214C016800ACBE64 /* ArticleJsonConverter.swift in Sources */ = {isa = PBXBuildFile; fileRef = 6B1D7B6C2135EF3B00BDC89D /* ArticleJsonConverter.swift */; };
		6BD5E587214C017600ACBE64 /* TCArticle.swift in Sources */ = {isa = PBXBuildFile; fileRef = 6B1D7B642135EDC500BDC89D /* TCArticle.swift */; };
		6BD5E588214C018500ACBE64 /* NAError.swift in Sources */ = {isa = PBXBuildFile; fileRef = 6B7F7DFD213843CE000AE589 /* NAError.swift */; };
		6BD5E58A214C02AA00ACBE64 /* articles.json in Resources */ = {isa = PBXBuildFile; fileRef = 6BD5E589214C027300ACBE64 /* articles.json */; };
		6BD5E58D214C03A000ACBE64 /* ThemeClassifier.swift in Sources */ = {isa = PBXBuildFile; fileRef = 6BE3F8BC212FD52400CD8789 /* ThemeClassifier.swift */; };
		6BD5E58E214C03A000ACBE64 /* ThemeClassifierTermsMultiLocalization.swift in Sources */ = {isa = PBXBuildFile; fileRef = 6B62A89D2130590C001EDAD4 /* ThemeClassifierTermsMultiLocalization.swift */; };
		6BD5E58F214C03A000ACBE64 /* ArticleTheme.swift in Sources */ = {isa = PBXBuildFile; fileRef = 6B2FF8D320FC687D003A91BE /* ArticleTheme.swift */; };
		6BD5E591214C044600ACBE64 /* RssArticlePO.swift in Sources */ = {isa = PBXBuildFile; fileRef = 6BAFD270208533BD00BDD0D3 /* RssArticlePO.swift */; };
		6BD5E592214C058C00ACBE64 /* StringExtension.swift in Sources */ = {isa = PBXBuildFile; fileRef = 6B0E165820373E420035C75B /* StringExtension.swift */; };
		6BD5E593214C058C00ACBE64 /* StringExtension.swift in Sources */ = {isa = PBXBuildFile; fileRef = 6B0E165820373E420035C75B /* StringExtension.swift */; };
		6BE1846A2135C82B00DEA4FA /* HTMLString.framework.dSYM in CopyFiles */ = {isa = PBXBuildFile; fileRef = 6BE184682135C82A00DEA4FA /* HTMLString.framework.dSYM */; };
		6BE1846B2135C82B00DEA4FA /* FeedKit.framework.dSYM in CopyFiles */ = {isa = PBXBuildFile; fileRef = 6BE184692135C82B00DEA4FA /* FeedKit.framework.dSYM */; };
		6BE36E3C208509ED0077D848 /* Localizable.strings in Resources */ = {isa = PBXBuildFile; fileRef = 6BE36E3E208509ED0077D848 /* Localizable.strings */; };
		6BE36E422085287E0077D848 /* Database.xcdatamodeld in Sources */ = {isa = PBXBuildFile; fileRef = 6BE36E402085287E0077D848 /* Database.xcdatamodeld */; };
		6BE3F8AA212F10A500CD8789 /* RssFeed+CoreDataClass.swift in Sources */ = {isa = PBXBuildFile; fileRef = 6BE3F8A4212F10A500CD8789 /* RssFeed+CoreDataClass.swift */; };
		6BE3F8AB212F10A500CD8789 /* RssFeed+CoreDataProperties.swift in Sources */ = {isa = PBXBuildFile; fileRef = 6BE3F8A5212F10A500CD8789 /* RssFeed+CoreDataProperties.swift */; };
		6BE3F8AC212F10A500CD8789 /* RssArticle+CoreDataClass.swift in Sources */ = {isa = PBXBuildFile; fileRef = 6BE3F8A6212F10A500CD8789 /* RssArticle+CoreDataClass.swift */; };
		6BE3F8AD212F10A500CD8789 /* RssArticle+CoreDataProperties.swift in Sources */ = {isa = PBXBuildFile; fileRef = 6BE3F8A7212F10A500CD8789 /* RssArticle+CoreDataProperties.swift */; };
		6BE3F8B2212F10ED00CD8789 /* Theme+CoreDataClass.swift in Sources */ = {isa = PBXBuildFile; fileRef = 6BE3F8B0212F10ED00CD8789 /* Theme+CoreDataClass.swift */; };
		6BE3F8B3212F10ED00CD8789 /* Theme+CoreDataProperties.swift in Sources */ = {isa = PBXBuildFile; fileRef = 6BE3F8B1212F10ED00CD8789 /* Theme+CoreDataProperties.swift */; };
		6BE3F8B5212F137900CD8789 /* ThemeLoader.swift in Sources */ = {isa = PBXBuildFile; fileRef = 6BE3F8B4212F137900CD8789 /* ThemeLoader.swift */; };
		6BE3F8B9212F542C00CD8789 /* ThemeRequest.swift in Sources */ = {isa = PBXBuildFile; fileRef = 6BE3F8B8212F542C00CD8789 /* ThemeRequest.swift */; };
		6BE3F8BB212F54B800CD8789 /* Theme+NamesProperties.swift in Sources */ = {isa = PBXBuildFile; fileRef = 6BE3F8BA212F54B800CD8789 /* Theme+NamesProperties.swift */; };
		6BE3F8BD212FD52400CD8789 /* ThemeClassifier.swift in Sources */ = {isa = PBXBuildFile; fileRef = 6BE3F8BC212FD52400CD8789 /* ThemeClassifier.swift */; };
		6BF08B0420C984580002E3CE /* RssFavoriteArticlesRequest.swift in Sources */ = {isa = PBXBuildFile; fileRef = 6BF08B0320C984580002E3CE /* RssFavoriteArticlesRequest.swift */; };
		6BF08B0620CA47800002E3CE /* RssArticlesByProviderRequest.swift in Sources */ = {isa = PBXBuildFile; fileRef = 6BF08B0520CA47800002E3CE /* RssArticlesByProviderRequest.swift */; };
		6BF1D0AA207A843B005725E7 /* MenuViewController.swift in Sources */ = {isa = PBXBuildFile; fileRef = 6BF1D0A9207A843B005725E7 /* MenuViewController.swift */; };
		6BF1D0AC207A847A005725E7 /* MenuCell.swift in Sources */ = {isa = PBXBuildFile; fileRef = 6BF1D0AB207A847A005725E7 /* MenuCell.swift */; };
		6BF1D0AE207A8485005725E7 /* MenuCell.xib in Resources */ = {isa = PBXBuildFile; fileRef = 6BF1D0AD207A8485005725E7 /* MenuCell.xib */; };
		6BF5A2A220B715D0005E0765 /* PNSideMenuController.swift in Sources */ = {isa = PBXBuildFile; fileRef = 6BF5A2A120B715D0005E0765 /* PNSideMenuController.swift */; };
		6BF5A2A420B7362C005E0765 /* ContentViewController.swift in Sources */ = {isa = PBXBuildFile; fileRef = 6BF5A2A320B7362C005E0765 /* ContentViewController.swift */; };
		6BF5A2A920B73A96005E0765 /* Scene.swift in Sources */ = {isa = PBXBuildFile; fileRef = 6BF5A2A820B73A96005E0765 /* Scene.swift */; };
		6BFC31B8213F16B50030431F /* HTMLString.framework in CopyFiles */ = {isa = PBXBuildFile; fileRef = 6BE1846D2135CAC700DEA4FA /* HTMLString.framework */; settings = {ATTRIBUTES = (CodeSignOnCopy, RemoveHeadersOnCopy, ); }; };
		6BFC31C7213F1C160030431F /* AppDelegate.swift in Sources */ = {isa = PBXBuildFile; fileRef = 6BFC31C6213F1C160030431F /* AppDelegate.swift */; };
		6BFC31C9213F1C160030431F /* ViewController.swift in Sources */ = {isa = PBXBuildFile; fileRef = 6BFC31C8213F1C160030431F /* ViewController.swift */; };
		6BFC31CB213F1C190030431F /* Assets.xcassets in Resources */ = {isa = PBXBuildFile; fileRef = 6BFC31CA213F1C190030431F /* Assets.xcassets */; };
		6BFC31CE213F1C190030431F /* Main.storyboard in Resources */ = {isa = PBXBuildFile; fileRef = 6BFC31CC213F1C190030431F /* Main.storyboard */; };
		6BFC31E2213F1D330030431F /* Evaluator.swift in Sources */ = {isa = PBXBuildFile; fileRef = 6BFC31A9213F14130030431F /* Evaluator.swift */; };
		6BFC31E3213F1D7F0030431F /* HTMLString.framework in Frameworks */ = {isa = PBXBuildFile; fileRef = 6BE1846D2135CAC700DEA4FA /* HTMLString.framework */; };
		6BFDC4A221542E5200BE97C4 /* TCArticle.swift in Sources */ = {isa = PBXBuildFile; fileRef = 6B1D7B642135EDC500BDC89D /* TCArticle.swift */; };
		6BFDC4A421542FB000BE97C4 /* FiltersVC.swift in Sources */ = {isa = PBXBuildFile; fileRef = 6BFDC4A321542FB000BE97C4 /* FiltersVC.swift */; };
		6BFDC4A62154306C00BE97C4 /* SupportedThemeFilterLoader.swift in Sources */ = {isa = PBXBuildFile; fileRef = 6BFDC4A52154306C00BE97C4 /* SupportedThemeFilterLoader.swift */; };
		6BFDC4A82154321C00BE97C4 /* Supported_Themes.plist in Resources */ = {isa = PBXBuildFile; fileRef = 6BFDC4A72154321C00BE97C4 /* Supported_Themes.plist */; };
		6BFDC4AA2154391200BE97C4 /* Kingfisher.framework in Frameworks */ = {isa = PBXBuildFile; fileRef = 6BFDC4A92154391200BE97C4 /* Kingfisher.framework */; };
/* End PBXBuildFile section */

/* Begin PBXContainerItemProxy section */
		6B82C361201FC838006FA35D /* PBXContainerItemProxy */ = {
			isa = PBXContainerItemProxy;
			containerPortal = 6B82C344201FC838006FA35D /* Project object */;
			proxyType = 1;
			remoteGlobalIDString = 6B82C34B201FC838006FA35D;
			remoteInfo = PommeNews;
		};
		6B82C36C201FC838006FA35D /* PBXContainerItemProxy */ = {
			isa = PBXContainerItemProxy;
			containerPortal = 6B82C344201FC838006FA35D /* Project object */;
			proxyType = 1;
			remoteGlobalIDString = 6B82C34B201FC838006FA35D;
			remoteInfo = PommeNews;
		};
/* End PBXContainerItemProxy section */

/* Begin PBXCopyFilesBuildPhase section */
		6BE184672135C81300DEA4FA /* CopyFiles */ = {
			isa = PBXCopyFilesBuildPhase;
			buildActionMask = 2147483647;
			dstPath = "";
			dstSubfolderSpec = 7;
			files = (
				6BFC31B8213F16B50030431F /* HTMLString.framework in CopyFiles */,
				6BE1846A2135C82B00DEA4FA /* HTMLString.framework.dSYM in CopyFiles */,
				6BE1846B2135C82B00DEA4FA /* FeedKit.framework.dSYM in CopyFiles */,
			);
			runOnlyForDeploymentPostprocessing = 0;
		};
/* End PBXCopyFilesBuildPhase section */

/* Begin PBXFileReference section */
		6B05F539203496AF0028F053 /* RssArticle.swift */ = {isa = PBXFileReference; lastKnownFileType = sourcecode.swift; path = RssArticle.swift; sourceTree = "<group>"; };
		6B0C2A7B20ED362300813EA6 /* ContentTableViewController.swift */ = {isa = PBXFileReference; lastKnownFileType = sourcecode.swift; path = ContentTableViewController.swift; sourceTree = "<group>"; };
		6B0E165820373E420035C75B /* StringExtension.swift */ = {isa = PBXFileReference; lastKnownFileType = sourcecode.swift; path = StringExtension.swift; sourceTree = "<group>"; };
		6B0E165A20373F9C0035C75B /* fr */ = {isa = PBXFileReference; lastKnownFileType = text.plist.strings; name = fr; path = fr.lproj/Main.strings; sourceTree = "<group>"; };
		6B0E165B20373F9D0035C75B /* fr */ = {isa = PBXFileReference; lastKnownFileType = text.plist.strings; name = fr; path = fr.lproj/LaunchScreen.strings; sourceTree = "<group>"; };
		6B0E1661203741510035C75B /* URLExtension.swift */ = {isa = PBXFileReference; lastKnownFileType = sourcecode.swift; path = URLExtension.swift; sourceTree = "<group>"; };
		6B0E1663203748840035C75B /* FakeRSSClient.swift */ = {isa = PBXFileReference; lastKnownFileType = sourcecode.swift; path = FakeRSSClient.swift; sourceTree = "<group>"; };
		6B0E1665203A00E40035C75B /* Swinject.framework */ = {isa = PBXFileReference; lastKnownFileType = wrapper.framework; name = Swinject.framework; path = Carthage/Build/iOS/Swinject.framework; sourceTree = "<group>"; };
		6B0E1668203A04C10035C75B /* macg.xml */ = {isa = PBXFileReference; fileEncoding = 4; lastKnownFileType = text.xml; path = macg.xml; sourceTree = "<group>"; };
		6B1A4B5720CAE1F30071C67B /* RssArticlesRequest.swift */ = {isa = PBXFileReference; lastKnownFileType = sourcecode.swift; path = RssArticlesRequest.swift; sourceTree = "<group>"; };
		6B1A4B5920CB1BF70071C67B /* ImageFetcher.swift */ = {isa = PBXFileReference; lastKnownFileType = sourcecode.swift; path = ImageFetcher.swift; sourceTree = "<group>"; };
		6B1D7B642135EDC500BDC89D /* TCArticle.swift */ = {isa = PBXFileReference; lastKnownFileType = sourcecode.swift; path = TCArticle.swift; sourceTree = "<group>"; };
		6B1D7B662135EDF200BDC89D /* ArticleUpdater.swift */ = {isa = PBXFileReference; lastKnownFileType = sourcecode.swift; path = ArticleUpdater.swift; sourceTree = "<group>"; };
		6B1D7B682135EE7700BDC89D /* FeedSupport.swift */ = {isa = PBXFileReference; lastKnownFileType = sourcecode.swift; path = FeedSupport.swift; sourceTree = "<group>"; };
		6B1D7B6A2135EF1100BDC89D /* ArticlesFetcher.swift */ = {isa = PBXFileReference; lastKnownFileType = sourcecode.swift; path = ArticlesFetcher.swift; sourceTree = "<group>"; };
		6B1D7B6C2135EF3B00BDC89D /* ArticleJsonConverter.swift */ = {isa = PBXFileReference; lastKnownFileType = sourcecode.swift; path = ArticleJsonConverter.swift; sourceTree = "<group>"; };
		6B2FF8D120FBBBD7003A91BE /* SafariActivity.swift */ = {isa = PBXFileReference; lastKnownFileType = sourcecode.swift; path = SafariActivity.swift; sourceTree = "<group>"; };
		6B2FF8D320FC687D003A91BE /* ArticleTheme.swift */ = {isa = PBXFileReference; lastKnownFileType = sourcecode.swift; path = ArticleTheme.swift; sourceTree = "<group>"; };
		6B3A5457217369C300EB9637 /* FilterVCCell.swift */ = {isa = PBXFileReference; lastKnownFileType = sourcecode.swift; path = FilterVCCell.swift; sourceTree = "<group>"; };
		6B3A5458217369C300EB9637 /* FilterVCCell.xib */ = {isa = PBXFileReference; lastKnownFileType = file.xib; path = FilterVCCell.xib; sourceTree = "<group>"; };
		6B413AE2210A2D3300A0AC69 /* ImageFetcherKF.swift */ = {isa = PBXFileReference; lastKnownFileType = sourcecode.swift; path = ImageFetcherKF.swift; sourceTree = "<group>"; };
		6B4A099820F509B6009B3FD8 /* RssFeedRequest.swift */ = {isa = PBXFileReference; lastKnownFileType = sourcecode.swift; path = RssFeedRequest.swift; sourceTree = "<group>"; };
		6B62A89D2130590C001EDAD4 /* ThemeClassifierTermsMultiLocalization.swift */ = {isa = PBXFileReference; lastKnownFileType = sourcecode.swift; path = ThemeClassifierTermsMultiLocalization.swift; sourceTree = "<group>"; };
		6B62A8C22130ADC9001EDAD4 /* mac4ever.xml */ = {isa = PBXFileReference; lastKnownFileType = text.xml; path = mac4ever.xml; sourceTree = "<group>"; };
		6B62A8C32130ADC9001EDAD4 /* macg.xml */ = {isa = PBXFileReference; lastKnownFileType = text.xml; path = macg.xml; sourceTree = "<group>"; };
		6B7F7DFB21384178000AE589 /* ArticlesJsonFileIO.swift */ = {isa = PBXFileReference; lastKnownFileType = sourcecode.swift; path = ArticlesJsonFileIO.swift; sourceTree = "<group>"; };
		6B7F7DFD213843CE000AE589 /* NAError.swift */ = {isa = PBXFileReference; lastKnownFileType = sourcecode.swift; path = NAError.swift; sourceTree = "<group>"; };
		6B82865F204A977A00AB9242 /* mac4ever.xml */ = {isa = PBXFileReference; fileEncoding = 4; lastKnownFileType = text.xml; path = mac4ever.xml; sourceTree = "<group>"; };
		6B828661204A9A7600AB9242 /* ArticleViewController.swift */ = {isa = PBXFileReference; lastKnownFileType = sourcecode.swift; path = ArticleViewController.swift; sourceTree = "<group>"; };
		6B82C34C201FC838006FA35D /* PommeNews.app */ = {isa = PBXFileReference; explicitFileType = wrapper.application; includeInIndex = 0; path = PommeNews.app; sourceTree = BUILT_PRODUCTS_DIR; };
		6B82C34F201FC838006FA35D /* AppDelegate.swift */ = {isa = PBXFileReference; lastKnownFileType = sourcecode.swift; path = AppDelegate.swift; sourceTree = "<group>"; };
		6B82C354201FC838006FA35D /* Base */ = {isa = PBXFileReference; lastKnownFileType = file.storyboard; name = Base; path = Base.lproj/Main.storyboard; sourceTree = "<group>"; };
		6B82C356201FC838006FA35D /* Assets.xcassets */ = {isa = PBXFileReference; lastKnownFileType = folder.assetcatalog; path = Assets.xcassets; sourceTree = "<group>"; };
		6B82C359201FC838006FA35D /* Base */ = {isa = PBXFileReference; lastKnownFileType = file.storyboard; name = Base; path = Base.lproj/LaunchScreen.storyboard; sourceTree = "<group>"; };
		6B82C35B201FC838006FA35D /* Info.plist */ = {isa = PBXFileReference; lastKnownFileType = text.plist.xml; path = Info.plist; sourceTree = "<group>"; };
		6B82C360201FC838006FA35D /* PommeNewsTests.xctest */ = {isa = PBXFileReference; explicitFileType = wrapper.cfbundle; includeInIndex = 0; path = PommeNewsTests.xctest; sourceTree = BUILT_PRODUCTS_DIR; };
		6B82C364201FC838006FA35D /* PommeNewsTests.swift */ = {isa = PBXFileReference; lastKnownFileType = sourcecode.swift; path = PommeNewsTests.swift; sourceTree = "<group>"; };
		6B82C366201FC838006FA35D /* Info.plist */ = {isa = PBXFileReference; lastKnownFileType = text.plist.xml; path = Info.plist; sourceTree = "<group>"; };
		6B82C36B201FC838006FA35D /* PommeNewsUITests.xctest */ = {isa = PBXFileReference; explicitFileType = wrapper.cfbundle; includeInIndex = 0; path = PommeNewsUITests.xctest; sourceTree = BUILT_PRODUCTS_DIR; };
		6B82C36F201FC838006FA35D /* PommeNewsUITests.swift */ = {isa = PBXFileReference; lastKnownFileType = sourcecode.swift; path = PommeNewsUITests.swift; sourceTree = "<group>"; };
		6B82C371201FC838006FA35D /* Info.plist */ = {isa = PBXFileReference; lastKnownFileType = text.plist.xml; path = Info.plist; sourceTree = "<group>"; };
		6B82C37E201FC963006FA35D /* RSSClient.swift */ = {isa = PBXFileReference; lastKnownFileType = sourcecode.swift; path = RSSClient.swift; sourceTree = "<group>"; };
		6B82C380201FD03C006FA35D /* RSSFeeds.plist */ = {isa = PBXFileReference; lastKnownFileType = text.plist.xml; path = RSSFeeds.plist; sourceTree = "<group>"; };
		6B82C382201FD1C0006FA35D /* RSSFeedsListManager.swift */ = {isa = PBXFileReference; lastKnownFileType = sourcecode.swift; path = RSSFeedsListManager.swift; sourceTree = "<group>"; };
		6B82C3A520212371006FA35D /* FeedKit.framework */ = {isa = PBXFileReference; lastKnownFileType = wrapper.framework; name = FeedKit.framework; path = Carthage/Build/iOS/FeedKit.framework; sourceTree = "<group>"; };
		6B82C3A7202197C9006FA35D /* RSSFeedType.swift */ = {isa = PBXFileReference; lastKnownFileType = sourcecode.swift; path = RSSFeedType.swift; sourceTree = "<group>"; };
		6B82C3A9202197E2006FA35D /* RSSFeed.swift */ = {isa = PBXFileReference; lastKnownFileType = sourcecode.swift; path = RSSFeed.swift; sourceTree = "<group>"; };
		6B82C3AC202197FA006FA35D /* PError.swift */ = {isa = PBXFileReference; lastKnownFileType = sourcecode.swift; path = PError.swift; sourceTree = "<group>"; };
		6B82C3AE20219806006FA35D /* Result.swift */ = {isa = PBXFileReference; lastKnownFileType = sourcecode.swift; path = Result.swift; sourceTree = "<group>"; };
		6B870AC0209F60AF004EC529 /* StreamManagementViewController.swift */ = {isa = PBXFileReference; lastKnownFileType = sourcecode.swift; path = StreamManagementViewController.swift; sourceTree = "<group>"; };
		6B870AC2209F623B004EC529 /* MenuFeedCell.swift */ = {isa = PBXFileReference; lastKnownFileType = sourcecode.swift; path = MenuFeedCell.swift; sourceTree = "<group>"; };
		6B870AC4209F6258004EC529 /* MenuFeedCell.xib */ = {isa = PBXFileReference; lastKnownFileType = file.xib; path = MenuFeedCell.xib; sourceTree = "<group>"; };
		6BA21F3B2098F8E50075F4CD /* RSSManager.swift */ = {isa = PBXFileReference; fileEncoding = 4; lastKnownFileType = sourcecode.swift; path = RSSManager.swift; sourceTree = "<group>"; };
		6BA21F3D209AD3110075F4CD /* SettingsViewController.swift */ = {isa = PBXFileReference; lastKnownFileType = sourcecode.swift; path = SettingsViewController.swift; sourceTree = "<group>"; };
		6BA871CF20222272006CCDD9 /* ArticleListCell.xib */ = {isa = PBXFileReference; lastKnownFileType = file.xib; path = ArticleListCell.xib; sourceTree = "<group>"; };
		6BAFD26C20852ED800BDD0D3 /* RssPlistFeed.swift */ = {isa = PBXFileReference; lastKnownFileType = sourcecode.swift; path = RssPlistFeed.swift; sourceTree = "<group>"; };
		6BAFD26E2085311D00BDD0D3 /* CoreDataStack.swift */ = {isa = PBXFileReference; lastKnownFileType = sourcecode.swift; path = CoreDataStack.swift; sourceTree = "<group>"; };
		6BAFD270208533BD00BDD0D3 /* RssArticlePO.swift */ = {isa = PBXFileReference; lastKnownFileType = sourcecode.swift; path = RssArticlePO.swift; sourceTree = "<group>"; };
		6BAFD2C12085BEBB00BDD0D3 /* NSEntityDescriptionExtension.swift */ = {isa = PBXFileReference; lastKnownFileType = sourcecode.swift; path = NSEntityDescriptionExtension.swift; sourceTree = "<group>"; };
		6BB51C3121347359005772A0 /* FetchNewArticleToJson.app */ = {isa = PBXFileReference; explicitFileType = wrapper.application; includeInIndex = 0; path = FetchNewArticleToJson.app; sourceTree = BUILT_PRODUCTS_DIR; };
		6BB51C3321347359005772A0 /* AppDelegate.swift */ = {isa = PBXFileReference; lastKnownFileType = sourcecode.swift; path = AppDelegate.swift; sourceTree = "<group>"; };
		6BB51C3521347359005772A0 /* ViewController.swift */ = {isa = PBXFileReference; lastKnownFileType = sourcecode.swift; path = ViewController.swift; sourceTree = "<group>"; };
		6BB51C372134735A005772A0 /* Assets.xcassets */ = {isa = PBXFileReference; lastKnownFileType = folder.assetcatalog; path = Assets.xcassets; sourceTree = "<group>"; };
		6BB51C3A2134735A005772A0 /* Base */ = {isa = PBXFileReference; lastKnownFileType = file.storyboard; name = Base; path = Base.lproj/Main.storyboard; sourceTree = "<group>"; };
		6BB51C3C2134735A005772A0 /* Info.plist */ = {isa = PBXFileReference; lastKnownFileType = text.plist.xml; path = Info.plist; sourceTree = "<group>"; };
		6BB51C3D2134735A005772A0 /* FetchNewArticleToJson.entitlements */ = {isa = PBXFileReference; lastKnownFileType = text.plist.entitlements; path = FetchNewArticleToJson.entitlements; sourceTree = "<group>"; };
		6BB51C5521347D12005772A0 /* FeedForManualTag.swift */ = {isa = PBXFileReference; lastKnownFileType = sourcecode.swift; path = FeedForManualTag.swift; sourceTree = "<group>"; };
		6BB7C8F5217A32F600B9427A /* UIColorExtension.swift */ = {isa = PBXFileReference; lastKnownFileType = sourcecode.swift; path = UIColorExtension.swift; sourceTree = "<group>"; };
		6BB8FC7D2023830C00AB870F /* ArticleListCell.swift */ = {isa = PBXFileReference; lastKnownFileType = sourcecode.swift; path = ArticleListCell.swift; sourceTree = "<group>"; };
		6BB8FC802023B7B600AB870F /* ArticlesListVC.swift */ = {isa = PBXFileReference; lastKnownFileType = sourcecode.swift; path = ArticlesListVC.swift; sourceTree = "<group>"; };
		6BBA09E720B6800C0081D05F /* SideMenu.framework */ = {isa = PBXFileReference; lastKnownFileType = wrapper.framework; name = SideMenu.framework; path = Carthage/Build/iOS/SideMenu.framework; sourceTree = "<group>"; };
		6BC9132B203F290500F969DD /* Cartfile */ = {isa = PBXFileReference; fileEncoding = 4; lastKnownFileType = text; path = Cartfile; sourceTree = "<group>"; };
		6BC9132D203F35D600F969DD /* HTMLString.framework */ = {isa = PBXFileReference; lastKnownFileType = wrapper.framework; name = HTMLString.framework; path = Carthage/Build/iOS/HTMLString.framework; sourceTree = "<group>"; };
		6BCD760920885D6800F584BA /* Inject.swift */ = {isa = PBXFileReference; lastKnownFileType = sourcecode.swift; path = Inject.swift; sourceTree = "<group>"; };
		6BD5E589214C027300ACBE64 /* articles.json */ = {isa = PBXFileReference; lastKnownFileType = text.json; path = articles.json; sourceTree = "<group>"; };
		6BE184682135C82A00DEA4FA /* HTMLString.framework.dSYM */ = {isa = PBXFileReference; lastKnownFileType = wrapper.dsym; name = HTMLString.framework.dSYM; path = Carthage/Build/Mac/HTMLString.framework.dSYM; sourceTree = "<group>"; };
		6BE184692135C82B00DEA4FA /* FeedKit.framework.dSYM */ = {isa = PBXFileReference; lastKnownFileType = wrapper.dsym; name = FeedKit.framework.dSYM; path = Carthage/Build/Mac/FeedKit.framework.dSYM; sourceTree = "<group>"; };
		6BE1846D2135CAC700DEA4FA /* HTMLString.framework */ = {isa = PBXFileReference; lastKnownFileType = wrapper.framework; name = HTMLString.framework; path = Carthage/Build/Mac/HTMLString.framework; sourceTree = "<group>"; };
		6BE1846E2135CAC700DEA4FA /* FeedKit.framework */ = {isa = PBXFileReference; lastKnownFileType = wrapper.framework; name = FeedKit.framework; path = Carthage/Build/Mac/FeedKit.framework; sourceTree = "<group>"; };
		6BE36E3D208509ED0077D848 /* en */ = {isa = PBXFileReference; lastKnownFileType = text.plist.strings; name = en; path = en.lproj/Localizable.strings; sourceTree = "<group>"; };
		6BE36E3F20850A1E0077D848 /* fr */ = {isa = PBXFileReference; lastKnownFileType = text.plist.strings; name = fr; path = fr.lproj/Localizable.strings; sourceTree = "<group>"; };
		6BE36E412085287E0077D848 /* Database.xcdatamodel */ = {isa = PBXFileReference; lastKnownFileType = wrapper.xcdatamodel; path = Database.xcdatamodel; sourceTree = "<group>"; };
		6BE3F8A4212F10A500CD8789 /* RssFeed+CoreDataClass.swift */ = {isa = PBXFileReference; lastKnownFileType = sourcecode.swift; path = "RssFeed+CoreDataClass.swift"; sourceTree = "<group>"; };
		6BE3F8A5212F10A500CD8789 /* RssFeed+CoreDataProperties.swift */ = {isa = PBXFileReference; lastKnownFileType = sourcecode.swift; path = "RssFeed+CoreDataProperties.swift"; sourceTree = "<group>"; };
		6BE3F8A6212F10A500CD8789 /* RssArticle+CoreDataClass.swift */ = {isa = PBXFileReference; lastKnownFileType = sourcecode.swift; path = "RssArticle+CoreDataClass.swift"; sourceTree = "<group>"; };
		6BE3F8A7212F10A500CD8789 /* RssArticle+CoreDataProperties.swift */ = {isa = PBXFileReference; lastKnownFileType = sourcecode.swift; path = "RssArticle+CoreDataProperties.swift"; sourceTree = "<group>"; };
		6BE3F8B0212F10ED00CD8789 /* Theme+CoreDataClass.swift */ = {isa = PBXFileReference; lastKnownFileType = sourcecode.swift; path = "Theme+CoreDataClass.swift"; sourceTree = "<group>"; };
		6BE3F8B1212F10ED00CD8789 /* Theme+CoreDataProperties.swift */ = {isa = PBXFileReference; lastKnownFileType = sourcecode.swift; path = "Theme+CoreDataProperties.swift"; sourceTree = "<group>"; };
		6BE3F8B4212F137900CD8789 /* ThemeLoader.swift */ = {isa = PBXFileReference; lastKnownFileType = sourcecode.swift; path = ThemeLoader.swift; sourceTree = "<group>"; };
		6BE3F8B8212F542C00CD8789 /* ThemeRequest.swift */ = {isa = PBXFileReference; lastKnownFileType = sourcecode.swift; path = ThemeRequest.swift; sourceTree = "<group>"; };
		6BE3F8BA212F54B800CD8789 /* Theme+NamesProperties.swift */ = {isa = PBXFileReference; lastKnownFileType = sourcecode.swift; path = "Theme+NamesProperties.swift"; sourceTree = "<group>"; };
		6BE3F8BC212FD52400CD8789 /* ThemeClassifier.swift */ = {isa = PBXFileReference; lastKnownFileType = sourcecode.swift; path = ThemeClassifier.swift; sourceTree = "<group>"; };
		6BF08B0320C984580002E3CE /* RssFavoriteArticlesRequest.swift */ = {isa = PBXFileReference; lastKnownFileType = sourcecode.swift; path = RssFavoriteArticlesRequest.swift; sourceTree = "<group>"; };
		6BF08B0520CA47800002E3CE /* RssArticlesByProviderRequest.swift */ = {isa = PBXFileReference; lastKnownFileType = sourcecode.swift; path = RssArticlesByProviderRequest.swift; sourceTree = "<group>"; };
		6BF1D0A9207A843B005725E7 /* MenuViewController.swift */ = {isa = PBXFileReference; lastKnownFileType = sourcecode.swift; path = MenuViewController.swift; sourceTree = "<group>"; };
		6BF1D0AB207A847A005725E7 /* MenuCell.swift */ = {isa = PBXFileReference; lastKnownFileType = sourcecode.swift; path = MenuCell.swift; sourceTree = "<group>"; };
		6BF1D0AD207A8485005725E7 /* MenuCell.xib */ = {isa = PBXFileReference; lastKnownFileType = file.xib; path = MenuCell.xib; sourceTree = "<group>"; };
		6BF5A2A120B715D0005E0765 /* PNSideMenuController.swift */ = {isa = PBXFileReference; lastKnownFileType = sourcecode.swift; path = PNSideMenuController.swift; sourceTree = "<group>"; };
		6BF5A2A320B7362C005E0765 /* ContentViewController.swift */ = {isa = PBXFileReference; lastKnownFileType = sourcecode.swift; path = ContentViewController.swift; sourceTree = "<group>"; };
		6BF5A2A820B73A96005E0765 /* Scene.swift */ = {isa = PBXFileReference; lastKnownFileType = sourcecode.swift; path = Scene.swift; sourceTree = "<group>"; };
		6BFC31A9213F14130030431F /* Evaluator.swift */ = {isa = PBXFileReference; lastKnownFileType = sourcecode.swift; path = Evaluator.swift; sourceTree = "<group>"; };
		6BFC31C4213F1C160030431F /* ThemeClassifierEvaluation.app */ = {isa = PBXFileReference; explicitFileType = wrapper.application; includeInIndex = 0; path = ThemeClassifierEvaluation.app; sourceTree = BUILT_PRODUCTS_DIR; };
		6BFC31C6213F1C160030431F /* AppDelegate.swift */ = {isa = PBXFileReference; lastKnownFileType = sourcecode.swift; path = AppDelegate.swift; sourceTree = "<group>"; };
		6BFC31C8213F1C160030431F /* ViewController.swift */ = {isa = PBXFileReference; lastKnownFileType = sourcecode.swift; path = ViewController.swift; sourceTree = "<group>"; };
		6BFC31CA213F1C190030431F /* Assets.xcassets */ = {isa = PBXFileReference; lastKnownFileType = folder.assetcatalog; path = Assets.xcassets; sourceTree = "<group>"; };
		6BFC31CD213F1C190030431F /* Base */ = {isa = PBXFileReference; lastKnownFileType = file.storyboard; name = Base; path = Base.lproj/Main.storyboard; sourceTree = "<group>"; };
		6BFC31CF213F1C190030431F /* Info.plist */ = {isa = PBXFileReference; lastKnownFileType = text.plist.xml; path = Info.plist; sourceTree = "<group>"; };
		6BFC31D0213F1C190030431F /* ThemeClassifierEvaluation2.entitlements */ = {isa = PBXFileReference; lastKnownFileType = text.plist.entitlements; path = ThemeClassifierEvaluation2.entitlements; sourceTree = "<group>"; };
		6BFDC4A321542FB000BE97C4 /* FiltersVC.swift */ = {isa = PBXFileReference; lastKnownFileType = sourcecode.swift; path = FiltersVC.swift; sourceTree = "<group>"; };
		6BFDC4A52154306C00BE97C4 /* SupportedThemeFilterLoader.swift */ = {isa = PBXFileReference; lastKnownFileType = sourcecode.swift; path = SupportedThemeFilterLoader.swift; sourceTree = "<group>"; };
		6BFDC4A72154321C00BE97C4 /* Supported_Themes.plist */ = {isa = PBXFileReference; lastKnownFileType = text.plist.xml; name = Supported_Themes.plist; path = ../Supported_Themes.plist; sourceTree = "<group>"; };
		6BFDC4A92154391200BE97C4 /* Kingfisher.framework */ = {isa = PBXFileReference; lastKnownFileType = wrapper.framework; name = Kingfisher.framework; path = Carthage/Build/iOS/Kingfisher.framework; sourceTree = "<group>"; };
/* End PBXFileReference section */

/* Begin PBXFrameworksBuildPhase section */
		6B82C349201FC838006FA35D /* Frameworks */ = {
			isa = PBXFrameworksBuildPhase;
			buildActionMask = 2147483647;
			files = (
				6BFDC4AA2154391200BE97C4 /* Kingfisher.framework in Frameworks */,
				6BBA09E820B6800C0081D05F /* SideMenu.framework in Frameworks */,
				6BC9132E203F35D600F969DD /* HTMLString.framework in Frameworks */,
				6B82C3A620212372006FA35D /* FeedKit.framework in Frameworks */,
				6B0E1666203A00E40035C75B /* Swinject.framework in Frameworks */,
			);
			runOnlyForDeploymentPostprocessing = 0;
		};
		6B82C35D201FC838006FA35D /* Frameworks */ = {
			isa = PBXFrameworksBuildPhase;
			buildActionMask = 2147483647;
			files = (
			);
			runOnlyForDeploymentPostprocessing = 0;
		};
		6B82C368201FC838006FA35D /* Frameworks */ = {
			isa = PBXFrameworksBuildPhase;
			buildActionMask = 2147483647;
			files = (
			);
			runOnlyForDeploymentPostprocessing = 0;
		};
		6BB51C2E21347359005772A0 /* Frameworks */ = {
			isa = PBXFrameworksBuildPhase;
			buildActionMask = 2147483647;
			files = (
				6B1D7B602135CAE200BDC89D /* HTMLString.framework in Frameworks */,
				6B1D7B612135CAE200BDC89D /* FeedKit.framework in Frameworks */,
			);
			runOnlyForDeploymentPostprocessing = 0;
		};
		6BFC31C1213F1C160030431F /* Frameworks */ = {
			isa = PBXFrameworksBuildPhase;
			buildActionMask = 2147483647;
			files = (
				6BFC31E3213F1D7F0030431F /* HTMLString.framework in Frameworks */,
			);
			runOnlyForDeploymentPostprocessing = 0;
		};
/* End PBXFrameworksBuildPhase section */

/* Begin PBXGroup section */
		6B0E165720373E240035C75B /* Extensions */ = {
			isa = PBXGroup;
			children = (
				6B0E165820373E420035C75B /* StringExtension.swift */,
			);
			path = Extensions;
			sourceTree = "<group>";
		};
		6B0E1667203A04B50035C75B /* FakeData */ = {
			isa = PBXGroup;
			children = (
				6B82865F204A977A00AB9242 /* mac4ever.xml */,
				6B0E1668203A04C10035C75B /* macg.xml */,
			);
			path = FakeData;
			sourceTree = "<group>";
		};
		6B1A4B5620CAE1E10071C67B /* Requests */ = {
			isa = PBXGroup;
			children = (
				6BF08B0320C984580002E3CE /* RssFavoriteArticlesRequest.swift */,
				6BF08B0520CA47800002E3CE /* RssArticlesByProviderRequest.swift */,
				6B1A4B5720CAE1F30071C67B /* RssArticlesRequest.swift */,
				6B4A099820F509B6009B3FD8 /* RssFeedRequest.swift */,
				6BE3F8B8212F542C00CD8789 /* ThemeRequest.swift */,
			);
			path = Requests;
			sourceTree = "<group>";
		};
		6B1D7B632135ED7800BDC89D /* Articles */ = {
			isa = PBXGroup;
			children = (
				6B1D7B642135EDC500BDC89D /* TCArticle.swift */,
				6B1D7B662135EDF200BDC89D /* ArticleUpdater.swift */,
				6B1D7B6C2135EF3B00BDC89D /* ArticleJsonConverter.swift */,
				6B7F7DFB21384178000AE589 /* ArticlesJsonFileIO.swift */,
			);
			path = Articles;
			sourceTree = "<group>";
		};
		6B2FF8D020FBBBBB003A91BE /* Others */ = {
			isa = PBXGroup;
			children = (
				6B2FF8D120FBBBD7003A91BE /* SafariActivity.swift */,
			);
			path = Others;
			sourceTree = "<group>";
		};
		6B37D317205EB95700321701 /* Animator */ = {
			isa = PBXGroup;
			children = (
			);
			path = Animator;
			sourceTree = "<group>";
		};
		6B3A5451217361B300EB9637 /* Configuration */ = {
			isa = PBXGroup;
			children = (
				6BFDC4A72154321C00BE97C4 /* Supported_Themes.plist */,
				6B82C380201FD03C006FA35D /* RSSFeeds.plist */,
			);
			path = Configuration;
			sourceTree = "<group>";
		};
		6B3A54562173699B00EB9637 /* FilterVC */ = {
			isa = PBXGroup;
			children = (
				6BFDC4A321542FB000BE97C4 /* FiltersVC.swift */,
				6B3A5457217369C300EB9637 /* FilterVCCell.swift */,
				6B3A5458217369C300EB9637 /* FilterVCCell.xib */,
			);
			path = FilterVC;
			sourceTree = "<group>";
		};
		6B40EB2F213E4D620024664E /* Shared */ = {
			isa = PBXGroup;
			children = (
				6B2FF8D320FC687D003A91BE /* ArticleTheme.swift */,
				6B0E165720373E240035C75B /* Extensions */,
			);
			path = Shared;
			sourceTree = "<group>";
		};
		6B40EB36213E4DA60024664E /* Articles */ = {
			isa = PBXGroup;
			children = (
				6B1D7B682135EE7700BDC89D /* FeedSupport.swift */,
				6B1D7B6A2135EF1100BDC89D /* ArticlesFetcher.swift */,
			);
			path = Articles;
			sourceTree = "<group>";
		};
		6B62A8C12130ADBE001EDAD4 /* Feeds-Config */ = {
			isa = PBXGroup;
			children = (
				6B62A8C22130ADC9001EDAD4 /* mac4ever.xml */,
				6B62A8C32130ADC9001EDAD4 /* macg.xml */,
			);
			path = "Feeds-Config";
			sourceTree = "<group>";
		};
		6B82C343201FC838006FA35D = {
			isa = PBXGroup;
			children = (
				6B62A8C12130ADBE001EDAD4 /* Feeds-Config */,
				6B40EB2F213E4D620024664E /* Shared */,
				6B82C34E201FC838006FA35D /* PommeNews - Application */,
				6BFC31A8213F13550030431F /* ThemeClassifier */,
				6BFC31A7213F133F0030431F /* Tests */,
				6BE184692135C82B00DEA4FA /* FeedKit.framework.dSYM */,
				6BE184682135C82A00DEA4FA /* HTMLString.framework.dSYM */,
				6BC9132B203F290500F969DD /* Cartfile */,
				6B82C34D201FC838006FA35D /* Products */,
				6B82C3A420212371006FA35D /* Frameworks */,
			);
			sourceTree = "<group>";
		};
		6B82C34D201FC838006FA35D /* Products */ = {
			isa = PBXGroup;
			children = (
				6B82C34C201FC838006FA35D /* PommeNews.app */,
				6B82C360201FC838006FA35D /* PommeNewsTests.xctest */,
				6B82C36B201FC838006FA35D /* PommeNewsUITests.xctest */,
				6BB51C3121347359005772A0 /* FetchNewArticleToJson.app */,
				6BFC31C4213F1C160030431F /* ThemeClassifierEvaluation.app */,
			);
			name = Products;
			sourceTree = "<group>";
		};
		6B82C34E201FC838006FA35D /* PommeNews - Application */ = {
			isa = PBXGroup;
			children = (
				6B3A5451217361B300EB9637 /* Configuration */,
				6B2FF8D020FBBBBB003A91BE /* Others */,
				6BD7229C20A0E9BF00022353 /* Librairies */,
				6BCD760B20885E2B00F584BA /* Resources */,
				6BCD760820885D3900F584BA /* Application */,
				6BA21F3A2098F8E50075F4CD /* Managers */,
				6BE36E43208528ED0077D848 /* Model */,
				6BA871CB2022222E006CCDD9 /* UI */,
				6B82C3AB202197EF006FA35D /* Utils */,
				6B82C37D201FC958006FA35D /* Network */,
				6B82C35B201FC838006FA35D /* Info.plist */,
				6B82C382201FD1C0006FA35D /* RSSFeedsListManager.swift */,
				6BE36E3E208509ED0077D848 /* Localizable.strings */,
			);
			path = "PommeNews - Application";
			sourceTree = "<group>";
		};
		6B82C363201FC838006FA35D /* PommeNewsTests */ = {
			isa = PBXGroup;
			children = (
				6B82C3A220212026006FA35D /* mockData */,
				6B82C364201FC838006FA35D /* PommeNewsTests.swift */,
				6B82C366201FC838006FA35D /* Info.plist */,
			);
			path = PommeNewsTests;
			sourceTree = "<group>";
		};
		6B82C36E201FC838006FA35D /* PommeNewsUITests */ = {
			isa = PBXGroup;
			children = (
				6B82C36F201FC838006FA35D /* PommeNewsUITests.swift */,
				6B82C371201FC838006FA35D /* Info.plist */,
			);
			path = PommeNewsUITests;
			sourceTree = "<group>";
		};
		6B82C37D201FC958006FA35D /* Network */ = {
			isa = PBXGroup;
			children = (
				6B0E1667203A04B50035C75B /* FakeData */,
				6B82C37E201FC963006FA35D /* RSSClient.swift */,
				6B0E1663203748840035C75B /* FakeRSSClient.swift */,
				6BAFD270208533BD00BDD0D3 /* RssArticlePO.swift */,
				6B1A4B5920CB1BF70071C67B /* ImageFetcher.swift */,
				6B413AE2210A2D3300A0AC69 /* ImageFetcherKF.swift */,
			);
			path = Network;
			sourceTree = "<group>";
		};
		6B82C3A220212026006FA35D /* mockData */ = {
			isa = PBXGroup;
			children = (
			);
			path = mockData;
			sourceTree = "<group>";
		};
		6B82C3A420212371006FA35D /* Frameworks */ = {
			isa = PBXGroup;
			children = (
				6BFDC4A92154391200BE97C4 /* Kingfisher.framework */,
				6BE1846E2135CAC700DEA4FA /* FeedKit.framework */,
				6BE1846D2135CAC700DEA4FA /* HTMLString.framework */,
				6BBA09E720B6800C0081D05F /* SideMenu.framework */,
				6BC9132D203F35D600F969DD /* HTMLString.framework */,
				6B0E1665203A00E40035C75B /* Swinject.framework */,
				6B82C3A520212371006FA35D /* FeedKit.framework */,
			);
			name = Frameworks;
			sourceTree = "<group>";
		};
		6B82C3AB202197EF006FA35D /* Utils */ = {
			isa = PBXGroup;
			children = (
				6BFC31B3213F14D20030431F /* Extensions */,
				6BAFD26C20852ED800BDD0D3 /* RssPlistFeed.swift */,
				6B82C3AC202197FA006FA35D /* PError.swift */,
				6B82C3AE20219806006FA35D /* Result.swift */,
			);
			path = Utils;
			sourceTree = "<group>";
		};
		6B870ABF209F6097004EC529 /* Settings */ = {
			isa = PBXGroup;
			children = (
				6BA21F3D209AD3110075F4CD /* SettingsViewController.swift */,
				6B870AC0209F60AF004EC529 /* StreamManagementViewController.swift */,
			);
			path = Settings;
			sourceTree = "<group>";
		};
		6BA21F3A2098F8E50075F4CD /* Managers */ = {
			isa = PBXGroup;
			children = (
				6BA21F3B2098F8E50075F4CD /* RSSManager.swift */,
			);
			name = Managers;
			path = "PommeNews - Application/Managers";
			sourceTree = SOURCE_ROOT;
		};
		6BA871CB2022222E006CCDD9 /* UI */ = {
			isa = PBXGroup;
			children = (
				6B82C358201FC838006FA35D /* LaunchScreen.storyboard */,
				6B82C353201FC838006FA35D /* Main.storyboard */,
				6B37D317205EB95700321701 /* Animator */,
				6BB8FC7F2023B79400AB870F /* ViewControllers */,
				6BA871CE20222255006CCDD9 /* Views */,
				6BF5A2A820B73A96005E0765 /* Scene.swift */,
				6B3A54562173699B00EB9637 /* FilterVC */,
			);
			path = UI;
			sourceTree = "<group>";
		};
		6BA871CE20222255006CCDD9 /* Views */ = {
			isa = PBXGroup;
			children = (
				6BA871CF20222272006CCDD9 /* ArticleListCell.xib */,
				6BB8FC7D2023830C00AB870F /* ArticleListCell.swift */,
				6BF1D0AB207A847A005725E7 /* MenuCell.swift */,
				6BF1D0AD207A8485005725E7 /* MenuCell.xib */,
				6B870AC2209F623B004EC529 /* MenuFeedCell.swift */,
				6B870AC4209F6258004EC529 /* MenuFeedCell.xib */,
			);
			path = Views;
			sourceTree = "<group>";
		};
		6BAFD2C02085415300BDD0D3 /* Coredata */ = {
			isa = PBXGroup;
			children = (
				6BE3F8B0212F10ED00CD8789 /* Theme+CoreDataClass.swift */,
				6BE3F8B1212F10ED00CD8789 /* Theme+CoreDataProperties.swift */,
				6BE3F8A4212F10A500CD8789 /* RssFeed+CoreDataClass.swift */,
				6BE3F8A5212F10A500CD8789 /* RssFeed+CoreDataProperties.swift */,
				6BE3F8A6212F10A500CD8789 /* RssArticle+CoreDataClass.swift */,
				6BE3F8A7212F10A500CD8789 /* RssArticle+CoreDataProperties.swift */,
			);
			name = Coredata;
			path = CoreData;
			sourceTree = "<group>";
		};
		6BB51C3221347359005772A0 /* FetchNewArticleToJson */ = {
			isa = PBXGroup;
			children = (
				6B40EB36213E4DA60024664E /* Articles */,
				6BB51C3321347359005772A0 /* AppDelegate.swift */,
				6BB51C3521347359005772A0 /* ViewController.swift */,
				6BB51C372134735A005772A0 /* Assets.xcassets */,
				6BB51C392134735A005772A0 /* Main.storyboard */,
				6BB51C3C2134735A005772A0 /* Info.plist */,
				6BB51C3D2134735A005772A0 /* FetchNewArticleToJson.entitlements */,
				6BB51C5521347D12005772A0 /* FeedForManualTag.swift */,
			);
			path = FetchNewArticleToJson;
			sourceTree = "<group>";
		};
		6BB8FC7F2023B79400AB870F /* ViewControllers */ = {
			isa = PBXGroup;
			children = (
				6BF5A2A720B73650005E0765 /* Menu */,
				6B870ABF209F6097004EC529 /* Settings */,
				6BB8FC802023B7B600AB870F /* ArticlesListVC.swift */,
				6B828661204A9A7600AB9242 /* ArticleViewController.swift */,
			);
			path = ViewControllers;
			sourceTree = "<group>";
		};
		6BCD760820885D3900F584BA /* Application */ = {
			isa = PBXGroup;
			children = (
				6B82C34F201FC838006FA35D /* AppDelegate.swift */,
				6BCD760920885D6800F584BA /* Inject.swift */,
			);
			path = Application;
			sourceTree = "<group>";
		};
		6BCD760B20885E2B00F584BA /* Resources */ = {
			isa = PBXGroup;
			children = (
				6B82C356201FC838006FA35D /* Assets.xcassets */,
			);
			path = Resources;
			sourceTree = "<group>";
		};
		6BD5E58B214C02E600ACBE64 /* ThemeClassifier */ = {
			isa = PBXGroup;
			children = (
				6B62A89D2130590C001EDAD4 /* ThemeClassifierTermsMultiLocalization.swift */,
				6BE3F8BC212FD52400CD8789 /* ThemeClassifier.swift */,
			);
			path = ThemeClassifier;
			sourceTree = "<group>";
		};
		6BD7229C20A0E9BF00022353 /* Librairies */ = {
			isa = PBXGroup;
			children = (
			);
			path = Librairies;
			sourceTree = "<group>";
		};
		6BE36E43208528ED0077D848 /* Model */ = {
			isa = PBXGroup;
			children = (
				6BE3F8B4212F137900CD8789 /* ThemeLoader.swift */,
				6B1A4B5620CAE1E10071C67B /* Requests */,
				6BAFD2C02085415300BDD0D3 /* Coredata */,
				6B82C3A7202197C9006FA35D /* RSSFeedType.swift */,
				6B82C3A9202197E2006FA35D /* RSSFeed.swift */,
				6B05F539203496AF0028F053 /* RssArticle.swift */,
				6BE36E402085287E0077D848 /* Database.xcdatamodeld */,
				6BAFD26E2085311D00BDD0D3 /* CoreDataStack.swift */,
				6BE3F8BA212F54B800CD8789 /* Theme+NamesProperties.swift */,
				6BFDC4A52154306C00BE97C4 /* SupportedThemeFilterLoader.swift */,
			);
			path = Model;
			sourceTree = "<group>";
		};
		6BF5A2A720B73650005E0765 /* Menu */ = {
			isa = PBXGroup;
			children = (
				6B0C2A7B20ED362300813EA6 /* ContentTableViewController.swift */,
				6BF5A2A320B7362C005E0765 /* ContentViewController.swift */,
				6BF5A2A120B715D0005E0765 /* PNSideMenuController.swift */,
				6BF1D0A9207A843B005725E7 /* MenuViewController.swift */,
			);
			path = Menu;
			sourceTree = "<group>";
		};
		6BFC31A7213F133F0030431F /* Tests */ = {
			isa = PBXGroup;
			children = (
				6B82C363201FC838006FA35D /* PommeNewsTests */,
				6B82C36E201FC838006FA35D /* PommeNewsUITests */,
			);
			name = Tests;
			sourceTree = "<group>";
		};
		6BFC31A8213F13550030431F /* ThemeClassifier */ = {
			isa = PBXGroup;
			children = (
				6BD5E58B214C02E600ACBE64 /* ThemeClassifier */,
				6BFC31C5213F1C160030431F /* ThemeClassifierEvaluation */,
				6BFC31BD213F18570030431F /* Shared */,
				6BB51C3221347359005772A0 /* FetchNewArticleToJson */,
			);
			name = ThemeClassifier;
			sourceTree = "<group>";
		};
		6BFC31B3213F14D20030431F /* Extensions */ = {
			isa = PBXGroup;
			children = (
				6B0E1661203741510035C75B /* URLExtension.swift */,
				6BAFD2C12085BEBB00BDD0D3 /* NSEntityDescriptionExtension.swift */,
				6BB7C8F5217A32F600B9427A /* UIColorExtension.swift */,
			);
			path = Extensions;
			sourceTree = "<group>";
		};
		6BFC31BD213F18570030431F /* Shared */ = {
			isa = PBXGroup;
			children = (
				6B7F7DFD213843CE000AE589 /* NAError.swift */,
				6B1D7B632135ED7800BDC89D /* Articles */,
			);
			name = Shared;
			path = "New Group";
			sourceTree = "<group>";
		};
		6BFC31C5213F1C160030431F /* ThemeClassifierEvaluation */ = {
			isa = PBXGroup;
			children = (
				6BD5E589214C027300ACBE64 /* articles.json */,
				6BFC31A9213F14130030431F /* Evaluator.swift */,
				6BFC31C6213F1C160030431F /* AppDelegate.swift */,
				6BFC31C8213F1C160030431F /* ViewController.swift */,
				6BFC31CA213F1C190030431F /* Assets.xcassets */,
				6BFC31CC213F1C190030431F /* Main.storyboard */,
				6BFC31CF213F1C190030431F /* Info.plist */,
				6BFC31D0213F1C190030431F /* ThemeClassifierEvaluation2.entitlements */,
			);
			path = ThemeClassifierEvaluation;
			sourceTree = "<group>";
		};
/* End PBXGroup section */

/* Begin PBXNativeTarget section */
		6B82C34B201FC838006FA35D /* PommeNews */ = {
			isa = PBXNativeTarget;
			buildConfigurationList = 6B82C374201FC838006FA35D /* Build configuration list for PBXNativeTarget "PommeNews" */;
			buildPhases = (
				6B82C348201FC838006FA35D /* Sources */,
				6B82C349201FC838006FA35D /* Frameworks */,
				6B82C34A201FC838006FA35D /* Resources */,
				6B82C3A32021228B006FA35D /* ShellScript */,
			);
			buildRules = (
			);
			dependencies = (
			);
			name = PommeNews;
			productName = PommeNews;
			productReference = 6B82C34C201FC838006FA35D /* PommeNews.app */;
			productType = "com.apple.product-type.application";
		};
		6B82C35F201FC838006FA35D /* PommeNewsTests */ = {
			isa = PBXNativeTarget;
			buildConfigurationList = 6B82C377201FC838006FA35D /* Build configuration list for PBXNativeTarget "PommeNewsTests" */;
			buildPhases = (
				6B82C35C201FC838006FA35D /* Sources */,
				6B82C35D201FC838006FA35D /* Frameworks */,
				6B82C35E201FC838006FA35D /* Resources */,
			);
			buildRules = (
			);
			dependencies = (
				6B82C362201FC838006FA35D /* PBXTargetDependency */,
			);
			name = PommeNewsTests;
			productName = PommeNewsTests;
			productReference = 6B82C360201FC838006FA35D /* PommeNewsTests.xctest */;
			productType = "com.apple.product-type.bundle.unit-test";
		};
		6B82C36A201FC838006FA35D /* PommeNewsUITests */ = {
			isa = PBXNativeTarget;
			buildConfigurationList = 6B82C37A201FC838006FA35D /* Build configuration list for PBXNativeTarget "PommeNewsUITests" */;
			buildPhases = (
				6B82C367201FC838006FA35D /* Sources */,
				6B82C368201FC838006FA35D /* Frameworks */,
				6B82C369201FC838006FA35D /* Resources */,
			);
			buildRules = (
			);
			dependencies = (
				6B82C36D201FC838006FA35D /* PBXTargetDependency */,
			);
			name = PommeNewsUITests;
			productName = PommeNewsUITests;
			productReference = 6B82C36B201FC838006FA35D /* PommeNewsUITests.xctest */;
			productType = "com.apple.product-type.bundle.ui-testing";
		};
		6BB51C3021347359005772A0 /* FetchNewArticleToJson */ = {
			isa = PBXNativeTarget;
			buildConfigurationList = 6BB51C492134735A005772A0 /* Build configuration list for PBXNativeTarget "FetchNewArticleToJson" */;
			buildPhases = (
				6BB51C2D21347359005772A0 /* Sources */,
				6BB51C2E21347359005772A0 /* Frameworks */,
				6BB51C2F21347359005772A0 /* Resources */,
				6BE184672135C81300DEA4FA /* CopyFiles */,
				6B1D7B622135D98D00BDC89D /* ShellScript */,
			);
			buildRules = (
			);
			dependencies = (
			);
			name = FetchNewArticleToJson;
			productName = FetchNewArticleToJson;
			productReference = 6BB51C3121347359005772A0 /* FetchNewArticleToJson.app */;
			productType = "com.apple.product-type.application";
		};
		6BFC31C3213F1C160030431F /* ThemeClassifierEvaluation */ = {
			isa = PBXNativeTarget;
			buildConfigurationList = 6BFC31DC213F1C190030431F /* Build configuration list for PBXNativeTarget "ThemeClassifierEvaluation" */;
			buildPhases = (
				6BFC31C0213F1C160030431F /* Sources */,
				6BFC31C1213F1C160030431F /* Frameworks */,
				6BFC31C2213F1C160030431F /* Resources */,
			);
			buildRules = (
			);
			dependencies = (
			);
			name = ThemeClassifierEvaluation;
			productName = ThemeClassifierEvaluation2;
			productReference = 6BFC31C4213F1C160030431F /* ThemeClassifierEvaluation.app */;
			productType = "com.apple.product-type.application";
		};
/* End PBXNativeTarget section */

/* Begin PBXProject section */
		6B82C344201FC838006FA35D /* Project object */ = {
			isa = PBXProject;
			attributes = {
				LastSwiftUpdateCheck = 1000;
				LastUpgradeCheck = 0930;
				ORGANIZATIONNAME = Swizapp;
				TargetAttributes = {
					6B82C34B201FC838006FA35D = {
						CreatedOnToolsVersion = 9.2;
						ProvisioningStyle = Automatic;
					};
					6B82C35F201FC838006FA35D = {
						CreatedOnToolsVersion = 9.2;
						ProvisioningStyle = Automatic;
						TestTargetID = 6B82C34B201FC838006FA35D;
					};
					6B82C36A201FC838006FA35D = {
						CreatedOnToolsVersion = 9.2;
						ProvisioningStyle = Automatic;
						TestTargetID = 6B82C34B201FC838006FA35D;
					};
					6BB51C3021347359005772A0 = {
						CreatedOnToolsVersion = 9.4.1;
						ProvisioningStyle = Automatic;
						SystemCapabilities = {
							com.apple.Sandbox = {
								enabled = 0;
							};
						};
					};
					6BFC31C3213F1C160030431F = {
						CreatedOnToolsVersion = 10.0;
						ProvisioningStyle = Automatic;
					};
				};
			};
			buildConfigurationList = 6B82C347201FC838006FA35D /* Build configuration list for PBXProject "PommeNews" */;
			compatibilityVersion = "Xcode 8.0";
			developmentRegion = en;
			hasScannedForEncodings = 0;
			knownRegions = (
				en,
				Base,
				fr,
			);
			mainGroup = 6B82C343201FC838006FA35D;
			productRefGroup = 6B82C34D201FC838006FA35D /* Products */;
			projectDirPath = "";
			projectRoot = "";
			targets = (
				6B82C34B201FC838006FA35D /* PommeNews */,
				6B82C35F201FC838006FA35D /* PommeNewsTests */,
				6B82C36A201FC838006FA35D /* PommeNewsUITests */,
				6BB51C3021347359005772A0 /* FetchNewArticleToJson */,
				6BFC31C3213F1C160030431F /* ThemeClassifierEvaluation */,
			);
		};
/* End PBXProject section */

/* Begin PBXResourcesBuildPhase section */
		6B82C34A201FC838006FA35D /* Resources */ = {
			isa = PBXResourcesBuildPhase;
			buildActionMask = 2147483647;
			files = (
				6BC9132C203F290600F969DD /* Cartfile in Resources */,
				6B82C35A201FC838006FA35D /* LaunchScreen.storyboard in Resources */,
				6B82C357201FC838006FA35D /* Assets.xcassets in Resources */,
				6BF1D0AE207A8485005725E7 /* MenuCell.xib in Resources */,
				6B870AC5209F6258004EC529 /* MenuFeedCell.xib in Resources */,
				6B3A545A217369C300EB9637 /* FilterVCCell.xib in Resources */,
				6B82C355201FC838006FA35D /* Main.storyboard in Resources */,
				6BB51C2C2134732E005772A0 /* RSSFeeds.plist in Resources */,
				6BFDC4A82154321C00BE97C4 /* Supported_Themes.plist in Resources */,
				6BE36E3C208509ED0077D848 /* Localizable.strings in Resources */,
				6B828660204A977B00AB9242 /* mac4ever.xml in Resources */,
				6BA871D020222272006CCDD9 /* ArticleListCell.xib in Resources */,
				6B0E1669203A04C10035C75B /* macg.xml in Resources */,
			);
			runOnlyForDeploymentPostprocessing = 0;
		};
		6B82C35E201FC838006FA35D /* Resources */ = {
			isa = PBXResourcesBuildPhase;
			buildActionMask = 2147483647;
			files = (
			);
			runOnlyForDeploymentPostprocessing = 0;
		};
		6B82C369201FC838006FA35D /* Resources */ = {
			isa = PBXResourcesBuildPhase;
			buildActionMask = 2147483647;
			files = (
			);
			runOnlyForDeploymentPostprocessing = 0;
		};
		6BB51C2F21347359005772A0 /* Resources */ = {
			isa = PBXResourcesBuildPhase;
			buildActionMask = 2147483647;
			files = (
				6BB51C5021347363005772A0 /* RSSFeeds.plist in Resources */,
				6BB51C382134735A005772A0 /* Assets.xcassets in Resources */,
				6BB51C3B2134735A005772A0 /* Main.storyboard in Resources */,
			);
			runOnlyForDeploymentPostprocessing = 0;
		};
		6BFC31C2213F1C160030431F /* Resources */ = {
			isa = PBXResourcesBuildPhase;
			buildActionMask = 2147483647;
			files = (
				6BFC31CB213F1C190030431F /* Assets.xcassets in Resources */,
				6BD5E58A214C02AA00ACBE64 /* articles.json in Resources */,
				6BFC31CE213F1C190030431F /* Main.storyboard in Resources */,
			);
			runOnlyForDeploymentPostprocessing = 0;
		};
/* End PBXResourcesBuildPhase section */

/* Begin PBXShellScriptBuildPhase section */
		6B1D7B622135D98D00BDC89D /* ShellScript */ = {
			isa = PBXShellScriptBuildPhase;
			buildActionMask = 2147483647;
			files = (
			);
			inputPaths = (
				"$(SRCROOT)/Carthage/Build/Mac/FeedKit.framework",
				"$(SRCROOT)/Carthage/Build/Mac/HTMLString.framework",
			);
			outputPaths = (
				"$(BUILT_PRODUCTS_DIR)/$(FRAMEWORKS_FOLDER_PATH)/FeedKit.framework",
				"$(BUILT_PRODUCTS_DIR)/$(FRAMEWORKS_FOLDER_PATH)/HTMLString.framework",
			);
			runOnlyForDeploymentPostprocessing = 0;
			shellPath = /bin/sh;
			shellScript = "/usr/local/bin/carthage copy-frameworks\n";
		};
		6B82C3A32021228B006FA35D /* ShellScript */ = {
			isa = PBXShellScriptBuildPhase;
			buildActionMask = 2147483647;
			files = (
			);
			inputPaths = (
				"$(SRCROOT)/Carthage/Build/iOS/FeedKit.framework",
				"$(SRCROOT)/Carthage/Build/iOS/Swinject.framework",
				"$(SRCROOT)/Carthage/Build/iOS/HTMLString.framework",
				"$(SRCROOT)/Carthage/Build/iOS/SideMenu.framework",
				"$(SRCROOT)/Carthage/Build/iOS/Kingfisher.framework",
			);
			outputPaths = (
				"$(BUILT_PRODUCTS_DIR)/$(FRAMEWORKS_FOLDER_PATH)/FeedKit.framework",
				"$(BUILT_PRODUCTS_DIR)/$(FRAMEWORKS_FOLDER_PATH)/Swinject.framework",
				"$(BUILT_PRODUCTS_DIR)/$(FRAMEWORKS_FOLDER_PATH)/HTMLString.framework",
				"$(BUILT_PRODUCTS_DIR)/$(FRAMEWORKS_FOLDER_PATH)/SideMenu.framework",
				"$(BUILT_PRODUCTS_DIR)/$(FRAMEWORKS_FOLDER_PATH)/Kingfisher.framework",
			);
			runOnlyForDeploymentPostprocessing = 0;
			shellPath = /bin/sh;
			shellScript = "/usr/local/bin/carthage copy-frameworks\n\n\n\n\n\n\n\n\n";
		};
/* End PBXShellScriptBuildPhase section */

/* Begin PBXSourcesBuildPhase section */
		6B82C348201FC838006FA35D /* Sources */ = {
			isa = PBXSourcesBuildPhase;
			buildActionMask = 2147483647;
			files = (
				6BCD760A20885D6800F584BA /* Inject.swift in Sources */,
				6B3A5459217369C300EB9637 /* FilterVCCell.swift in Sources */,
				6B82C3AD202197FA006FA35D /* PError.swift in Sources */,
				6BE3F8AA212F10A500CD8789 /* RssFeed+CoreDataClass.swift in Sources */,
				6B62A89E2130590C001EDAD4 /* ThemeClassifierTermsMultiLocalization.swift in Sources */,
				6B0C2A7C20ED362300813EA6 /* ContentTableViewController.swift in Sources */,
				6B870AC1209F60AF004EC529 /* StreamManagementViewController.swift in Sources */,
				6B0E1662203741510035C75B /* URLExtension.swift in Sources */,
				6B870AC3209F623B004EC529 /* MenuFeedCell.swift in Sources */,
				6BE3F8B3212F10ED00CD8789 /* Theme+CoreDataProperties.swift in Sources */,
				6BF08B0620CA47800002E3CE /* RssArticlesByProviderRequest.swift in Sources */,
				6B05F53A203496AF0028F053 /* RssArticle.swift in Sources */,
				6B82C3AA202197E2006FA35D /* RSSFeed.swift in Sources */,
				6B1A4B5A20CB1BF70071C67B /* ImageFetcher.swift in Sources */,
				6B2FF8D220FBBBD7003A91BE /* SafariActivity.swift in Sources */,
				6BE3F8AB212F10A500CD8789 /* RssFeed+CoreDataProperties.swift in Sources */,
				6BFDC4A421542FB000BE97C4 /* FiltersVC.swift in Sources */,
				6BF08B0420C984580002E3CE /* RssFavoriteArticlesRequest.swift in Sources */,
				6BB8FC812023B7B600AB870F /* ArticlesListVC.swift in Sources */,
				6BFDC4A62154306C00BE97C4 /* SupportedThemeFilterLoader.swift in Sources */,
				6BAFD26F2085311D00BDD0D3 /* CoreDataStack.swift in Sources */,
				6B1A4B5820CAE1F30071C67B /* RssArticlesRequest.swift in Sources */,
				6BE3F8AC212F10A500CD8789 /* RssArticle+CoreDataClass.swift in Sources */,
				6BF5A2A420B7362C005E0765 /* ContentViewController.swift in Sources */,
				6BE3F8BB212F54B800CD8789 /* Theme+NamesProperties.swift in Sources */,
				6B413AE3210A2D3300A0AC69 /* ImageFetcherKF.swift in Sources */,
				6BF1D0AA207A843B005725E7 /* MenuViewController.swift in Sources */,
				6BE3F8AD212F10A500CD8789 /* RssArticle+CoreDataProperties.swift in Sources */,
				6BE3F8BD212FD52400CD8789 /* ThemeClassifier.swift in Sources */,
				6BE3F8B5212F137900CD8789 /* ThemeLoader.swift in Sources */,
				6B4A099920F509B6009B3FD8 /* RssFeedRequest.swift in Sources */,
				6B82C350201FC838006FA35D /* AppDelegate.swift in Sources */,
				6BB8FC7E2023830C00AB870F /* ArticleListCell.swift in Sources */,
				6B828662204A9A7600AB9242 /* ArticleViewController.swift in Sources */,
				6B82C383201FD1C0006FA35D /* RSSFeedsListManager.swift in Sources */,
				6BAFD2C22085BEBB00BDD0D3 /* NSEntityDescriptionExtension.swift in Sources */,
				6B0E1664203748840035C75B /* FakeRSSClient.swift in Sources */,
				6BE3F8B2212F10ED00CD8789 /* Theme+CoreDataClass.swift in Sources */,
				6B82C3A8202197C9006FA35D /* RSSFeedType.swift in Sources */,
				6BAFD26D20852ED800BDD0D3 /* RssPlistFeed.swift in Sources */,
				6BA21F3C2098F8E60075F4CD /* RSSManager.swift in Sources */,
				6BB7C8F6217A32F600B9427A /* UIColorExtension.swift in Sources */,
				6B82C3AF20219806006FA35D /* Result.swift in Sources */,
				6B0E165920373E420035C75B /* StringExtension.swift in Sources */,
				6BAFD271208533BD00BDD0D3 /* RssArticlePO.swift in Sources */,
				6BF5A2A220B715D0005E0765 /* PNSideMenuController.swift in Sources */,
				6BFDC4A221542E5200BE97C4 /* TCArticle.swift in Sources */,
				6BF1D0AC207A847A005725E7 /* MenuCell.swift in Sources */,
				6B2FF8D420FC687D003A91BE /* ArticleTheme.swift in Sources */,
				6B82C37F201FC963006FA35D /* RSSClient.swift in Sources */,
				6BE36E422085287E0077D848 /* Database.xcdatamodeld in Sources */,
				6BA21F3E209AD3110075F4CD /* SettingsViewController.swift in Sources */,
				6BE3F8B9212F542C00CD8789 /* ThemeRequest.swift in Sources */,
				6BF5A2A920B73A96005E0765 /* Scene.swift in Sources */,
			);
			runOnlyForDeploymentPostprocessing = 0;
		};
		6B82C35C201FC838006FA35D /* Sources */ = {
			isa = PBXSourcesBuildPhase;
			buildActionMask = 2147483647;
			files = (
				6B82C365201FC838006FA35D /* PommeNewsTests.swift in Sources */,
			);
			runOnlyForDeploymentPostprocessing = 0;
		};
		6B82C367201FC838006FA35D /* Sources */ = {
			isa = PBXSourcesBuildPhase;
			buildActionMask = 2147483647;
			files = (
				6B82C370201FC838006FA35D /* PommeNewsUITests.swift in Sources */,
			);
			runOnlyForDeploymentPostprocessing = 0;
		};
		6BB51C2D21347359005772A0 /* Sources */ = {
			isa = PBXSourcesBuildPhase;
			buildActionMask = 2147483647;
			files = (
				6B1D7B692135EE7700BDC89D /* FeedSupport.swift in Sources */,
				6BB51C3621347359005772A0 /* ViewController.swift in Sources */,
				6BB51C6921348B18005772A0 /* PError.swift in Sources */,
				6BB51C5621347D12005772A0 /* FeedForManualTag.swift in Sources */,
				6BD5E592214C058C00ACBE64 /* StringExtension.swift in Sources */,
				6B7F7DFC21384178000AE589 /* ArticlesJsonFileIO.swift in Sources */,
				6BB51C522134741B005772A0 /* Result.swift in Sources */,
				6B1D7B6D2135EF3B00BDC89D /* ArticleJsonConverter.swift in Sources */,
				6B1D7B672135EDF200BDC89D /* ArticleUpdater.swift in Sources */,
				6BB51C5321347425005772A0 /* RssArticlePO.swift in Sources */,
				6B1D7B652135EDC500BDC89D /* TCArticle.swift in Sources */,
				6B7F7DFE213843CE000AE589 /* NAError.swift in Sources */,
				6B1D7B6B2135EF1100BDC89D /* ArticlesFetcher.swift in Sources */,
				6BB51C3421347359005772A0 /* AppDelegate.swift in Sources */,
				6BB51C6A21348B56005772A0 /* RssPlistFeed.swift in Sources */,
				6BB51C5421347436005772A0 /* RSSClient.swift in Sources */,
			);
			runOnlyForDeploymentPostprocessing = 0;
		};
		6BFC31C0213F1C160030431F /* Sources */ = {
			isa = PBXSourcesBuildPhase;
			buildActionMask = 2147483647;
			files = (
				6BD5E586214C016800ACBE64 /* ArticleJsonConverter.swift in Sources */,
				6BD5E58E214C03A000ACBE64 /* ThemeClassifierTermsMultiLocalization.swift in Sources */,
				6BD5E585214C015D00ACBE64 /* ArticlesJsonFileIO.swift in Sources */,
				6BD5E587214C017600ACBE64 /* TCArticle.swift in Sources */,
				6BD5E591214C044600ACBE64 /* RssArticlePO.swift in Sources */,
				6BD5E58F214C03A000ACBE64 /* ArticleTheme.swift in Sources */,
				6BFC31C9213F1C160030431F /* ViewController.swift in Sources */,
				6BFC31C7213F1C160030431F /* AppDelegate.swift in Sources */,
				6BFC31E2213F1D330030431F /* Evaluator.swift in Sources */,
				6BD5E58D214C03A000ACBE64 /* ThemeClassifier.swift in Sources */,
				6BD5E593214C058C00ACBE64 /* StringExtension.swift in Sources */,
				6BD5E588214C018500ACBE64 /* NAError.swift in Sources */,
			);
			runOnlyForDeploymentPostprocessing = 0;
		};
/* End PBXSourcesBuildPhase section */

/* Begin PBXTargetDependency section */
		6B82C362201FC838006FA35D /* PBXTargetDependency */ = {
			isa = PBXTargetDependency;
			target = 6B82C34B201FC838006FA35D /* PommeNews */;
			targetProxy = 6B82C361201FC838006FA35D /* PBXContainerItemProxy */;
		};
		6B82C36D201FC838006FA35D /* PBXTargetDependency */ = {
			isa = PBXTargetDependency;
			target = 6B82C34B201FC838006FA35D /* PommeNews */;
			targetProxy = 6B82C36C201FC838006FA35D /* PBXContainerItemProxy */;
		};
/* End PBXTargetDependency section */

/* Begin PBXVariantGroup section */
		6B82C353201FC838006FA35D /* Main.storyboard */ = {
			isa = PBXVariantGroup;
			children = (
				6B82C354201FC838006FA35D /* Base */,
				6B0E165A20373F9C0035C75B /* fr */,
			);
			name = Main.storyboard;
			sourceTree = "<group>";
		};
		6B82C358201FC838006FA35D /* LaunchScreen.storyboard */ = {
			isa = PBXVariantGroup;
			children = (
				6B82C359201FC838006FA35D /* Base */,
				6B0E165B20373F9D0035C75B /* fr */,
			);
			name = LaunchScreen.storyboard;
			sourceTree = "<group>";
		};
		6BB51C392134735A005772A0 /* Main.storyboard */ = {
			isa = PBXVariantGroup;
			children = (
				6BB51C3A2134735A005772A0 /* Base */,
			);
			name = Main.storyboard;
			sourceTree = "<group>";
		};
		6BE36E3E208509ED0077D848 /* Localizable.strings */ = {
			isa = PBXVariantGroup;
			children = (
				6BE36E3D208509ED0077D848 /* en */,
				6BE36E3F20850A1E0077D848 /* fr */,
			);
			name = Localizable.strings;
			sourceTree = "<group>";
		};
		6BFC31CC213F1C190030431F /* Main.storyboard */ = {
			isa = PBXVariantGroup;
			children = (
				6BFC31CD213F1C190030431F /* Base */,
			);
			name = Main.storyboard;
			sourceTree = "<group>";
		};
/* End PBXVariantGroup section */

/* Begin XCBuildConfiguration section */
		6B82C372201FC838006FA35D /* Debug */ = {
			isa = XCBuildConfiguration;
			buildSettings = {
				ALWAYS_SEARCH_USER_PATHS = NO;
				CLANG_ANALYZER_LOCALIZABILITY_NONLOCALIZED = YES;
				CLANG_ANALYZER_NONNULL = YES;
				CLANG_ANALYZER_NUMBER_OBJECT_CONVERSION = YES_AGGRESSIVE;
				CLANG_CXX_LANGUAGE_STANDARD = "gnu++14";
				CLANG_CXX_LIBRARY = "libc++";
				CLANG_ENABLE_MODULES = YES;
				CLANG_ENABLE_OBJC_ARC = YES;
				CLANG_WARN_BLOCK_CAPTURE_AUTORELEASING = YES;
				CLANG_WARN_BOOL_CONVERSION = YES;
				CLANG_WARN_COMMA = YES;
				CLANG_WARN_CONSTANT_CONVERSION = YES;
				CLANG_WARN_DEPRECATED_OBJC_IMPLEMENTATIONS = YES;
				CLANG_WARN_DIRECT_OBJC_ISA_USAGE = YES_ERROR;
				CLANG_WARN_DOCUMENTATION_COMMENTS = YES;
				CLANG_WARN_EMPTY_BODY = YES;
				CLANG_WARN_ENUM_CONVERSION = YES;
				CLANG_WARN_INFINITE_RECURSION = YES;
				CLANG_WARN_INT_CONVERSION = YES;
				CLANG_WARN_NON_LITERAL_NULL_CONVERSION = YES;
				CLANG_WARN_OBJC_IMPLICIT_RETAIN_SELF = YES;
				CLANG_WARN_OBJC_LITERAL_CONVERSION = YES;
				CLANG_WARN_OBJC_ROOT_CLASS = YES_ERROR;
				CLANG_WARN_RANGE_LOOP_ANALYSIS = YES;
				CLANG_WARN_STRICT_PROTOTYPES = YES;
				CLANG_WARN_SUSPICIOUS_MOVE = YES;
				CLANG_WARN_UNGUARDED_AVAILABILITY = YES_AGGRESSIVE;
				CLANG_WARN_UNREACHABLE_CODE = YES;
				CLANG_WARN__DUPLICATE_METHOD_MATCH = YES;
				CODE_SIGN_IDENTITY = "iPhone Developer";
				COPY_PHASE_STRIP = NO;
				DEBUG_INFORMATION_FORMAT = dwarf;
				ENABLE_STRICT_OBJC_MSGSEND = YES;
				ENABLE_TESTABILITY = YES;
				GCC_C_LANGUAGE_STANDARD = gnu11;
				GCC_DYNAMIC_NO_PIC = NO;
				GCC_NO_COMMON_BLOCKS = YES;
				GCC_OPTIMIZATION_LEVEL = 0;
				GCC_PREPROCESSOR_DEFINITIONS = (
					"DEBUG=1",
					"$(inherited)",
				);
				GCC_WARN_64_TO_32_BIT_CONVERSION = YES;
				GCC_WARN_ABOUT_RETURN_TYPE = YES_ERROR;
				GCC_WARN_UNDECLARED_SELECTOR = YES;
				GCC_WARN_UNINITIALIZED_AUTOS = YES_AGGRESSIVE;
				GCC_WARN_UNUSED_FUNCTION = YES;
				GCC_WARN_UNUSED_VARIABLE = YES;
				IPHONEOS_DEPLOYMENT_TARGET = 11.0;
				MTL_ENABLE_DEBUG_INFO = YES;
				ONLY_ACTIVE_ARCH = YES;
				SDKROOT = iphoneos11.4;
				SWIFT_ACTIVE_COMPILATION_CONDITIONS = DEBUG;
				SWIFT_OPTIMIZATION_LEVEL = "-Onone";
			};
			name = Debug;
		};
		6B82C373201FC838006FA35D /* Release */ = {
			isa = XCBuildConfiguration;
			buildSettings = {
				ALWAYS_SEARCH_USER_PATHS = NO;
				CLANG_ANALYZER_LOCALIZABILITY_NONLOCALIZED = YES;
				CLANG_ANALYZER_NONNULL = YES;
				CLANG_ANALYZER_NUMBER_OBJECT_CONVERSION = YES_AGGRESSIVE;
				CLANG_CXX_LANGUAGE_STANDARD = "gnu++14";
				CLANG_CXX_LIBRARY = "libc++";
				CLANG_ENABLE_MODULES = YES;
				CLANG_ENABLE_OBJC_ARC = YES;
				CLANG_WARN_BLOCK_CAPTURE_AUTORELEASING = YES;
				CLANG_WARN_BOOL_CONVERSION = YES;
				CLANG_WARN_COMMA = YES;
				CLANG_WARN_CONSTANT_CONVERSION = YES;
				CLANG_WARN_DEPRECATED_OBJC_IMPLEMENTATIONS = YES;
				CLANG_WARN_DIRECT_OBJC_ISA_USAGE = YES_ERROR;
				CLANG_WARN_DOCUMENTATION_COMMENTS = YES;
				CLANG_WARN_EMPTY_BODY = YES;
				CLANG_WARN_ENUM_CONVERSION = YES;
				CLANG_WARN_INFINITE_RECURSION = YES;
				CLANG_WARN_INT_CONVERSION = YES;
				CLANG_WARN_NON_LITERAL_NULL_CONVERSION = YES;
				CLANG_WARN_OBJC_IMPLICIT_RETAIN_SELF = YES;
				CLANG_WARN_OBJC_LITERAL_CONVERSION = YES;
				CLANG_WARN_OBJC_ROOT_CLASS = YES_ERROR;
				CLANG_WARN_RANGE_LOOP_ANALYSIS = YES;
				CLANG_WARN_STRICT_PROTOTYPES = YES;
				CLANG_WARN_SUSPICIOUS_MOVE = YES;
				CLANG_WARN_UNGUARDED_AVAILABILITY = YES_AGGRESSIVE;
				CLANG_WARN_UNREACHABLE_CODE = YES;
				CLANG_WARN__DUPLICATE_METHOD_MATCH = YES;
				CODE_SIGN_IDENTITY = "iPhone Developer";
				COPY_PHASE_STRIP = NO;
				DEBUG_INFORMATION_FORMAT = "dwarf-with-dsym";
				ENABLE_NS_ASSERTIONS = NO;
				ENABLE_STRICT_OBJC_MSGSEND = YES;
				GCC_C_LANGUAGE_STANDARD = gnu11;
				GCC_NO_COMMON_BLOCKS = YES;
				GCC_WARN_64_TO_32_BIT_CONVERSION = YES;
				GCC_WARN_ABOUT_RETURN_TYPE = YES_ERROR;
				GCC_WARN_UNDECLARED_SELECTOR = YES;
				GCC_WARN_UNINITIALIZED_AUTOS = YES_AGGRESSIVE;
				GCC_WARN_UNUSED_FUNCTION = YES;
				GCC_WARN_UNUSED_VARIABLE = YES;
				IPHONEOS_DEPLOYMENT_TARGET = 11.0;
				MTL_ENABLE_DEBUG_INFO = NO;
				SDKROOT = iphoneos11.4;
				SWIFT_OPTIMIZATION_LEVEL = "-Owholemodule";
				VALIDATE_PRODUCT = YES;
			};
			name = Release;
		};
		6B82C375201FC838006FA35D /* Debug */ = {
			isa = XCBuildConfiguration;
			buildSettings = {
				ASSETCATALOG_COMPILER_APPICON_NAME = AppIcon;
				CODE_SIGN_IDENTITY = "iPhone Developer";
				CODE_SIGN_STYLE = Automatic;
				DEVELOPMENT_TEAM = SB56D8K42E;
				FRAMEWORK_SEARCH_PATHS = (
					"$(inherited)",
					"$(PROJECT_DIR)/Carthage/Build/iOS",
				);
				INFOPLIST_FILE = "PommeNews - Application//Info.plist";
				IPHONEOS_DEPLOYMENT_TARGET = 12.0;
				LD_RUNPATH_SEARCH_PATHS = "$(inherited) @executable_path/Frameworks";
				PRODUCT_BUNDLE_IDENTIFIER = com.swizapp.PommeNews;
				PRODUCT_NAME = "$(TARGET_NAME)";
				PROVISIONING_PROFILE_SPECIFIER = "";
				SDKROOT = iphoneos;
				SWIFT_VERSION = 4.0;
				TARGETED_DEVICE_FAMILY = "1,2";
			};
			name = Debug;
		};
		6B82C376201FC838006FA35D /* Release */ = {
			isa = XCBuildConfiguration;
			buildSettings = {
				ASSETCATALOG_COMPILER_APPICON_NAME = AppIcon;
				CODE_SIGN_IDENTITY = "iPhone Developer";
				CODE_SIGN_STYLE = Automatic;
				DEVELOPMENT_TEAM = SB56D8K42E;
				FRAMEWORK_SEARCH_PATHS = (
					"$(inherited)",
					"$(PROJECT_DIR)/Carthage/Build/iOS",
				);
				INFOPLIST_FILE = "PommeNews - Application//Info.plist";
				IPHONEOS_DEPLOYMENT_TARGET = 12.0;
				LD_RUNPATH_SEARCH_PATHS = "$(inherited) @executable_path/Frameworks";
				PRODUCT_BUNDLE_IDENTIFIER = com.swizapp.PommeNews;
				PRODUCT_NAME = "$(TARGET_NAME)";
				PROVISIONING_PROFILE_SPECIFIER = "";
				SDKROOT = iphoneos;
				SWIFT_VERSION = 4.0;
				TARGETED_DEVICE_FAMILY = "1,2";
			};
			name = Release;
		};
		6B82C378201FC838006FA35D /* Debug */ = {
			isa = XCBuildConfiguration;
			buildSettings = {
				ALWAYS_EMBED_SWIFT_STANDARD_LIBRARIES = YES;
				BUNDLE_LOADER = "$(TEST_HOST)";
				CODE_SIGN_STYLE = Automatic;
				INFOPLIST_FILE = PommeNewsTests/Info.plist;
				LD_RUNPATH_SEARCH_PATHS = "$(inherited) @executable_path/Frameworks @loader_path/Frameworks";
				PRODUCT_BUNDLE_IDENTIFIER = com.swizapp.PommeNewsTests;
				PRODUCT_NAME = "$(TARGET_NAME)";
				SWIFT_VERSION = 4.0;
				TARGETED_DEVICE_FAMILY = "1,2";
				TEST_HOST = "$(BUILT_PRODUCTS_DIR)/PommeNews.app/PommeNews";
			};
			name = Debug;
		};
		6B82C379201FC838006FA35D /* Release */ = {
			isa = XCBuildConfiguration;
			buildSettings = {
				ALWAYS_EMBED_SWIFT_STANDARD_LIBRARIES = YES;
				BUNDLE_LOADER = "$(TEST_HOST)";
				CODE_SIGN_STYLE = Automatic;
				INFOPLIST_FILE = PommeNewsTests/Info.plist;
				LD_RUNPATH_SEARCH_PATHS = "$(inherited) @executable_path/Frameworks @loader_path/Frameworks";
				PRODUCT_BUNDLE_IDENTIFIER = com.swizapp.PommeNewsTests;
				PRODUCT_NAME = "$(TARGET_NAME)";
				SWIFT_VERSION = 4.0;
				TARGETED_DEVICE_FAMILY = "1,2";
				TEST_HOST = "$(BUILT_PRODUCTS_DIR)/PommeNews.app/PommeNews";
			};
			name = Release;
		};
		6B82C37B201FC838006FA35D /* Debug */ = {
			isa = XCBuildConfiguration;
			buildSettings = {
				ALWAYS_EMBED_SWIFT_STANDARD_LIBRARIES = YES;
				CODE_SIGN_STYLE = Automatic;
				INFOPLIST_FILE = PommeNewsUITests/Info.plist;
				LD_RUNPATH_SEARCH_PATHS = "$(inherited) @executable_path/Frameworks @loader_path/Frameworks";
				PRODUCT_BUNDLE_IDENTIFIER = com.swizapp.PommeNewsUITests;
				PRODUCT_NAME = "$(TARGET_NAME)";
				SWIFT_VERSION = 4.0;
				TARGETED_DEVICE_FAMILY = "1,2";
				TEST_TARGET_NAME = PommeNews;
			};
			name = Debug;
		};
		6B82C37C201FC838006FA35D /* Release */ = {
			isa = XCBuildConfiguration;
			buildSettings = {
				ALWAYS_EMBED_SWIFT_STANDARD_LIBRARIES = YES;
				CODE_SIGN_STYLE = Automatic;
				INFOPLIST_FILE = PommeNewsUITests/Info.plist;
				LD_RUNPATH_SEARCH_PATHS = "$(inherited) @executable_path/Frameworks @loader_path/Frameworks";
				PRODUCT_BUNDLE_IDENTIFIER = com.swizapp.PommeNewsUITests;
				PRODUCT_NAME = "$(TARGET_NAME)";
				SWIFT_VERSION = 4.0;
				TARGETED_DEVICE_FAMILY = "1,2";
				TEST_TARGET_NAME = PommeNews;
			};
			name = Release;
		};
		6BB51C4A2134735A005772A0 /* Debug */ = {
			isa = XCBuildConfiguration;
			buildSettings = {
				ASSETCATALOG_COMPILER_APPICON_NAME = AppIcon;
				CLANG_ENABLE_OBJC_WEAK = YES;
				CODE_SIGN_IDENTITY = "-";
				CODE_SIGN_STYLE = Automatic;
				COMBINE_HIDPI_IMAGES = YES;
				FRAMEWORK_SEARCH_PATHS = (
					"$(inherited)",
					"$(PROJECT_DIR)/Carthage/Build/Mac/**",
				);
				INFOPLIST_FILE = FetchNewArticleToJson/Info.plist;
				LD_RUNPATH_SEARCH_PATHS = "$(inherited) @executable_path/../Frameworks";
				MACOSX_DEPLOYMENT_TARGET = 10.13;
				PRODUCT_BUNDLE_IDENTIFIER = jd.sidemenu.FetchNewArticleToJson;
				PRODUCT_NAME = "$(TARGET_NAME)";
				SDKROOT = macosx;
				SWIFT_VERSION = 4.0;
			};
			name = Debug;
		};
		6BB51C4B2134735A005772A0 /* Release */ = {
			isa = XCBuildConfiguration;
			buildSettings = {
				ASSETCATALOG_COMPILER_APPICON_NAME = AppIcon;
				CLANG_ENABLE_OBJC_WEAK = YES;
				CODE_SIGN_IDENTITY = "-";
				CODE_SIGN_STYLE = Automatic;
				COMBINE_HIDPI_IMAGES = YES;
				FRAMEWORK_SEARCH_PATHS = (
					"$(inherited)",
					"$(PROJECT_DIR)/Carthage/Build/Mac/**",
				);
				INFOPLIST_FILE = FetchNewArticleToJson/Info.plist;
				LD_RUNPATH_SEARCH_PATHS = "$(inherited) @executable_path/../Frameworks";
				MACOSX_DEPLOYMENT_TARGET = 10.13;
				PRODUCT_BUNDLE_IDENTIFIER = jd.sidemenu.FetchNewArticleToJson;
				PRODUCT_NAME = "$(TARGET_NAME)";
				SDKROOT = macosx;
				SWIFT_VERSION = 4.0;
			};
			name = Release;
		};
		6BFC31DD213F1C190030431F /* Debug */ = {
			isa = XCBuildConfiguration;
			buildSettings = {
				ASSETCATALOG_COMPILER_APPICON_NAME = AppIcon;
				CLANG_ENABLE_OBJC_WEAK = YES;
				CODE_SIGN_ENTITLEMENTS = ThemeClassifierEvaluation2/ThemeClassifierEvaluation2.entitlements;
				CODE_SIGN_IDENTITY = "-";
				CODE_SIGN_STYLE = Automatic;
				COMBINE_HIDPI_IMAGES = YES;
				FRAMEWORK_SEARCH_PATHS = (
					"$(inherited)",
					"$(PROJECT_DIR)/Carthage/Build/Mac",
				);
				INFOPLIST_FILE = ThemeClassifierEvaluation/Info.plist;
				LD_RUNPATH_SEARCH_PATHS = "$(inherited) @executable_path/../Frameworks";
				MACOSX_DEPLOYMENT_TARGET = 10.13;
				MTL_ENABLE_DEBUG_INFO = INCLUDE_SOURCE;
				MTL_FAST_MATH = YES;
				PRODUCT_BUNDLE_IDENTIFIER = jd.sidemenu.ThemeClassifierEvaluation;
				PRODUCT_NAME = "$(TARGET_NAME)";
				SDKROOT = macosx;
				SWIFT_VERSION = 4.2;
			};
			name = Debug;
		};
		6BFC31DE213F1C190030431F /* Release */ = {
			isa = XCBuildConfiguration;
			buildSettings = {
				ASSETCATALOG_COMPILER_APPICON_NAME = AppIcon;
				CLANG_ENABLE_OBJC_WEAK = YES;
				CODE_SIGN_ENTITLEMENTS = ThemeClassifierEvaluation2/ThemeClassifierEvaluation2.entitlements;
				CODE_SIGN_IDENTITY = "-";
				CODE_SIGN_STYLE = Automatic;
				COMBINE_HIDPI_IMAGES = YES;
				FRAMEWORK_SEARCH_PATHS = (
					"$(inherited)",
					"$(PROJECT_DIR)/Carthage/Build/Mac",
				);
				INFOPLIST_FILE = ThemeClassifierEvaluation/Info.plist;
				LD_RUNPATH_SEARCH_PATHS = "$(inherited) @executable_path/../Frameworks";
				MACOSX_DEPLOYMENT_TARGET = 10.13;
				MTL_FAST_MATH = YES;
				PRODUCT_BUNDLE_IDENTIFIER = jd.sidemenu.ThemeClassifierEvaluation;
				PRODUCT_NAME = "$(TARGET_NAME)";
				SDKROOT = macosx;
				SWIFT_VERSION = 4.2;
			};
			name = Release;
		};
/* End XCBuildConfiguration section */

/* Begin XCConfigurationList section */
		6B82C347201FC838006FA35D /* Build configuration list for PBXProject "PommeNews" */ = {
			isa = XCConfigurationList;
			buildConfigurations = (
				6B82C372201FC838006FA35D /* Debug */,
				6B82C373201FC838006FA35D /* Release */,
			);
			defaultConfigurationIsVisible = 0;
			defaultConfigurationName = Release;
		};
		6B82C374201FC838006FA35D /* Build configuration list for PBXNativeTarget "PommeNews" */ = {
			isa = XCConfigurationList;
			buildConfigurations = (
				6B82C375201FC838006FA35D /* Debug */,
				6B82C376201FC838006FA35D /* Release */,
			);
			defaultConfigurationIsVisible = 0;
			defaultConfigurationName = Release;
		};
		6B82C377201FC838006FA35D /* Build configuration list for PBXNativeTarget "PommeNewsTests" */ = {
			isa = XCConfigurationList;
			buildConfigurations = (
				6B82C378201FC838006FA35D /* Debug */,
				6B82C379201FC838006FA35D /* Release */,
			);
			defaultConfigurationIsVisible = 0;
			defaultConfigurationName = Release;
		};
		6B82C37A201FC838006FA35D /* Build configuration list for PBXNativeTarget "PommeNewsUITests" */ = {
			isa = XCConfigurationList;
			buildConfigurations = (
				6B82C37B201FC838006FA35D /* Debug */,
				6B82C37C201FC838006FA35D /* Release */,
			);
			defaultConfigurationIsVisible = 0;
			defaultConfigurationName = Release;
		};
		6BB51C492134735A005772A0 /* Build configuration list for PBXNativeTarget "FetchNewArticleToJson" */ = {
			isa = XCConfigurationList;
			buildConfigurations = (
				6BB51C4A2134735A005772A0 /* Debug */,
				6BB51C4B2134735A005772A0 /* Release */,
			);
			defaultConfigurationIsVisible = 0;
			defaultConfigurationName = Release;
		};
		6BFC31DC213F1C190030431F /* Build configuration list for PBXNativeTarget "ThemeClassifierEvaluation" */ = {
			isa = XCConfigurationList;
			buildConfigurations = (
				6BFC31DD213F1C190030431F /* Debug */,
				6BFC31DE213F1C190030431F /* Release */,
			);
			defaultConfigurationIsVisible = 0;
			defaultConfigurationName = Release;
		};
/* End XCConfigurationList section */

/* Begin XCVersionGroup section */
		6BE36E402085287E0077D848 /* Database.xcdatamodeld */ = {
			isa = XCVersionGroup;
			children = (
				6BE36E412085287E0077D848 /* Database.xcdatamodel */,
			);
			currentVersion = 6BE36E412085287E0077D848 /* Database.xcdatamodel */;
			path = Database.xcdatamodeld;
			sourceTree = "<group>";
			versionGroupType = wrapper.xcdatamodel;
		};
/* End XCVersionGroup section */
	};
	rootObject = 6B82C344201FC838006FA35D /* Project object */;
}
