// !$*UTF8*$!
{
	archiveVersion = 1;
	classes = {
	};
	objectVersion = 53;
	objects = {

/* Begin PBXBuildFile section */
		6B619AF624794F170003DD9B /* ArticlePreprocessorTool.swift in Sources */ = {isa = PBXBuildFile; fileRef = 6B619AF524794F170003DD9B /* ArticlePreprocessorTool.swift */; };
		6B619B25247956180003DD9B /* ArticlePreprocessorToolTests.swift in Sources */ = {isa = PBXBuildFile; fileRef = 6B619B24247956180003DD9B /* ArticlePreprocessorToolTests.swift */; };
		6B619B31247956E50003DD9B /* ArticleClassifierCore in Frameworks */ = {isa = PBXBuildFile; productRef = 6B619B30247956E50003DD9B /* ArticleClassifierCore */; };
		6B619B33247956E50003DD9B /* ZaJoLibrary in Frameworks */ = {isa = PBXBuildFile; productRef = 6B619B32247956E50003DD9B /* ZaJoLibrary */; };
		6B619B35247957900003DD9B /* ArticlePreprocessorTool.swift in Sources */ = {isa = PBXBuildFile; fileRef = 6B619AF524794F170003DD9B /* ArticlePreprocessorTool.swift */; };
		6BB3BD17256AFFE800A1C28E /* ArticlePreprocessor.h in Headers */ = {isa = PBXBuildFile; fileRef = 6BB3BD15256AFFE800A1C28E /* ArticlePreprocessor.h */; settings = {ATTRIBUTES = (Public, ); }; };
		6BB3BD23256B002C00A1C28E /* ArticlePreprocessorTool.swift in Sources */ = {isa = PBXBuildFile; fileRef = 6B619AF524794F170003DD9B /* ArticlePreprocessorTool.swift */; };
		6BB3BD2E256B012100A1C28E /* ArticleClassifierCore in Frameworks */ = {isa = PBXBuildFile; productRef = 6BB3BD2D256B012100A1C28E /* ArticleClassifierCore */; };
		6BB3BD30256B012100A1C28E /* ZaJoLibrary in Frameworks */ = {isa = PBXBuildFile; productRef = 6BB3BD2F256B012100A1C28E /* ZaJoLibrary */; };
		6BFED5E4245DD7B100B83388 /* main.swift in Sources */ = {isa = PBXBuildFile; fileRef = 6BFED5E3245DD7B100B83388 /* main.swift */; };
		6BFED5EE245F000000B83388 /* ArticleClassifierCore in Frameworks */ = {isa = PBXBuildFile; productRef = 6BFED5ED245F000000B83388 /* ArticleClassifierCore */; };
		6BFED5F0245F000000B83388 /* ZaJoLibrary in Frameworks */ = {isa = PBXBuildFile; productRef = 6BFED5EF245F000000B83388 /* ZaJoLibrary */; };
/* End PBXBuildFile section */

/* Begin PBXCopyFilesBuildPhase section */
		6BFED5DE245DD7B100B83388 /* CopyFiles */ = {
			isa = PBXCopyFilesBuildPhase;
			buildActionMask = 2147483647;
			dstPath = /usr/share/man/man1/;
			dstSubfolderSpec = 0;
			files = (
			);
			runOnlyForDeploymentPostprocessing = 1;
		};
/* End PBXCopyFilesBuildPhase section */

/* Begin PBXFileReference section */
		6B619AF524794F170003DD9B /* ArticlePreprocessorTool.swift */ = {isa = PBXFileReference; lastKnownFileType = sourcecode.swift; path = ArticlePreprocessorTool.swift; sourceTree = "<group>"; };
		6B619B22247956180003DD9B /* ArticlePreprocessorToolTests.xctest */ = {isa = PBXFileReference; explicitFileType = wrapper.cfbundle; includeInIndex = 0; path = ArticlePreprocessorToolTests.xctest; sourceTree = BUILT_PRODUCTS_DIR; };
		6B619B24247956180003DD9B /* ArticlePreprocessorToolTests.swift */ = {isa = PBXFileReference; lastKnownFileType = sourcecode.swift; path = ArticlePreprocessorToolTests.swift; sourceTree = "<group>"; };
		6B619B26247956180003DD9B /* Info.plist */ = {isa = PBXFileReference; lastKnownFileType = text.plist.xml; path = Info.plist; sourceTree = "<group>"; };
		6BB3BD13256AFFE800A1C28E /* ArticlePreprocessor.framework */ = {isa = PBXFileReference; explicitFileType = wrapper.framework; includeInIndex = 0; path = ArticlePreprocessor.framework; sourceTree = BUILT_PRODUCTS_DIR; };
		6BB3BD15256AFFE800A1C28E /* ArticlePreprocessor.h */ = {isa = PBXFileReference; lastKnownFileType = sourcecode.c.h; path = ArticlePreprocessor.h; sourceTree = "<group>"; };
		6BB3BD16256AFFE800A1C28E /* Info.plist */ = {isa = PBXFileReference; lastKnownFileType = text.plist.xml; path = Info.plist; sourceTree = "<group>"; };
		6BFED5E0245DD7B100B83388 /* ArticlePreprocessorTool */ = {isa = PBXFileReference; explicitFileType = "compiled.mach-o.executable"; includeInIndex = 0; path = ArticlePreprocessorTool; sourceTree = BUILT_PRODUCTS_DIR; };
		6BFED5E3245DD7B100B83388 /* main.swift */ = {isa = PBXFileReference; lastKnownFileType = sourcecode.swift; path = main.swift; sourceTree = "<group>"; };
		6BFED5EA245DD84A00B83388 /* ZaJoLibrary */ = {isa = PBXFileReference; lastKnownFileType = folder; name = ZaJoLibrary; path = ../ZaJoLibrary; sourceTree = "<group>"; };
		6BFED5EB245DD85300B83388 /* ArticleClassifierCore */ = {isa = PBXFileReference; lastKnownFileType = folder; name = ArticleClassifierCore; path = ../ArticleClassifierCore; sourceTree = "<group>"; };
/* End PBXFileReference section */

/* Begin PBXFrameworksBuildPhase section */
		6B619B1F247956180003DD9B /* Frameworks */ = {
			isa = PBXFrameworksBuildPhase;
			buildActionMask = 2147483647;
			files = (
				6B619B33247956E50003DD9B /* ZaJoLibrary in Frameworks */,
				6B619B31247956E50003DD9B /* ArticleClassifierCore in Frameworks */,
			);
			runOnlyForDeploymentPostprocessing = 0;
		};
		6BB3BD10256AFFE800A1C28E /* Frameworks */ = {
			isa = PBXFrameworksBuildPhase;
			buildActionMask = 2147483647;
			files = (
				6BB3BD30256B012100A1C28E /* ZaJoLibrary in Frameworks */,
				6BB3BD2E256B012100A1C28E /* ArticleClassifierCore in Frameworks */,
			);
			runOnlyForDeploymentPostprocessing = 0;
		};
		6BFED5DD245DD7B100B83388 /* Frameworks */ = {
			isa = PBXFrameworksBuildPhase;
			buildActionMask = 2147483647;
			files = (
				6BFED5F0245F000000B83388 /* ZaJoLibrary in Frameworks */,
				6BFED5EE245F000000B83388 /* ArticleClassifierCore in Frameworks */,
			);
			runOnlyForDeploymentPostprocessing = 0;
		};
/* End PBXFrameworksBuildPhase section */

/* Begin PBXGroup section */
		6B619B23247956180003DD9B /* ArticlePreprocessorToolTests */ = {
			isa = PBXGroup;
			children = (
				6B619B24247956180003DD9B /* ArticlePreprocessorToolTests.swift */,
				6B619B26247956180003DD9B /* Info.plist */,
			);
			path = ArticlePreprocessorToolTests;
			sourceTree = "<group>";
		};
		6BB3BD14256AFFE800A1C28E /* ArticlePreprocessor */ = {
			isa = PBXGroup;
			children = (
				6BB3BD15256AFFE800A1C28E /* ArticlePreprocessor.h */,
				6BB3BD16256AFFE800A1C28E /* Info.plist */,
			);
			path = ArticlePreprocessor;
			sourceTree = "<group>";
		};
		6BFED5D7245DD7B100B83388 = {
			isa = PBXGroup;
			children = (
				6BFED5EB245DD85300B83388 /* ArticleClassifierCore */,
				6BFED5EA245DD84A00B83388 /* ZaJoLibrary */,
				6BFED5E2245DD7B100B83388 /* ArticlePreprocessorTool */,
				6B619B23247956180003DD9B /* ArticlePreprocessorToolTests */,
				6BB3BD14256AFFE800A1C28E /* ArticlePreprocessor */,
				6BFED5E1245DD7B100B83388 /* Products */,
				6BFED5EC245F000000B83388 /* Frameworks */,
			);
			sourceTree = "<group>";
		};
		6BFED5E1245DD7B100B83388 /* Products */ = {
			isa = PBXGroup;
			children = (
				6BFED5E0245DD7B100B83388 /* ArticlePreprocessorTool */,
				6B619B22247956180003DD9B /* ArticlePreprocessorToolTests.xctest */,
				6BB3BD13256AFFE800A1C28E /* ArticlePreprocessor.framework */,
			);
			name = Products;
			sourceTree = "<group>";
		};
		6BFED5E2245DD7B100B83388 /* ArticlePreprocessorTool */ = {
			isa = PBXGroup;
			children = (
				6BFED5E3245DD7B100B83388 /* main.swift */,
				6B619AF524794F170003DD9B /* ArticlePreprocessorTool.swift */,
			);
			path = ArticlePreprocessorTool;
			sourceTree = "<group>";
		};
		6BFED5EC245F000000B83388 /* Frameworks */ = {
			isa = PBXGroup;
			children = (
			);
			name = Frameworks;
			sourceTree = "<group>";
		};
/* End PBXGroup section */

/* Begin PBXHeadersBuildPhase section */
		6BB3BD0E256AFFE800A1C28E /* Headers */ = {
			isa = PBXHeadersBuildPhase;
			buildActionMask = 2147483647;
			files = (
				6BB3BD17256AFFE800A1C28E /* ArticlePreprocessor.h in Headers */,
			);
			runOnlyForDeploymentPostprocessing = 0;
		};
/* End PBXHeadersBuildPhase section */

/* Begin PBXNativeTarget section */
		6B619B21247956180003DD9B /* ArticlePreprocessorToolTests */ = {
			isa = PBXNativeTarget;
			buildConfigurationList = 6B619B29247956180003DD9B /* Build configuration list for PBXNativeTarget "ArticlePreprocessorToolTests" */;
			buildPhases = (
				6B619B1E247956180003DD9B /* Sources */,
				6B619B1F247956180003DD9B /* Frameworks */,
				6B619B20247956180003DD9B /* Resources */,
			);
			buildRules = (
			);
			dependencies = (
			);
			name = ArticlePreprocessorToolTests;
			packageProductDependencies = (
				6B619B30247956E50003DD9B /* ArticleClassifierCore */,
				6B619B32247956E50003DD9B /* ZaJoLibrary */,
			);
			productName = ArticlePreprocessorToolTests2;
			productReference = 6B619B22247956180003DD9B /* ArticlePreprocessorToolTests.xctest */;
			productType = "com.apple.product-type.bundle.unit-test";
		};
		6BB3BD12256AFFE800A1C28E /* ArticlePreprocessor */ = {
			isa = PBXNativeTarget;
			buildConfigurationList = 6BB3BD18256AFFE800A1C28E /* Build configuration list for PBXNativeTarget "ArticlePreprocessor" */;
			buildPhases = (
				6BB3BD0E256AFFE800A1C28E /* Headers */,
				6BB3BD0F256AFFE800A1C28E /* Sources */,
				6BB3BD10256AFFE800A1C28E /* Frameworks */,
				6BB3BD11256AFFE800A1C28E /* Resources */,
			);
			buildRules = (
			);
			dependencies = (
			);
			name = ArticlePreprocessor;
			packageProductDependencies = (
				6BB3BD2D256B012100A1C28E /* ArticleClassifierCore */,
				6BB3BD2F256B012100A1C28E /* ZaJoLibrary */,
			);
			productName = ArticlePreprocessor;
			productReference = 6BB3BD13256AFFE800A1C28E /* ArticlePreprocessor.framework */;
			productType = "com.apple.product-type.framework";
		};
		6BFED5DF245DD7B100B83388 /* ArticlePreprocessorTool */ = {
			isa = PBXNativeTarget;
			buildConfigurationList = 6BFED5E7245DD7B100B83388 /* Build configuration list for PBXNativeTarget "ArticlePreprocessorTool" */;
			buildPhases = (
				6BFED5DC245DD7B100B83388 /* Sources */,
				6BFED5DD245DD7B100B83388 /* Frameworks */,
				6BFED5DE245DD7B100B83388 /* CopyFiles */,
			);
			buildRules = (
			);
			dependencies = (
			);
			name = ArticlePreprocessorTool;
			packageProductDependencies = (
				6BFED5ED245F000000B83388 /* ArticleClassifierCore */,
				6BFED5EF245F000000B83388 /* ZaJoLibrary */,
			);
			productName = ArticlePreprocessorTool;
			productReference = 6BFED5E0245DD7B100B83388 /* ArticlePreprocessorTool */;
			productType = "com.apple.product-type.tool";
		};
/* End PBXNativeTarget section */

/* Begin PBXProject section */
		6BFED5D8245DD7B100B83388 /* Project object */ = {
			isa = PBXProject;
			attributes = {
				LastSwiftUpdateCheck = 1220;
				LastUpgradeCheck = 1140;
				ORGANIZATIONNAME = ZaJo;
				TargetAttributes = {
					6B619B21247956180003DD9B = {
						CreatedOnToolsVersion = 11.4.1;
					};
					6BB3BD12256AFFE800A1C28E = {
						CreatedOnToolsVersion = 12.2;
					};
					6BFED5DF245DD7B100B83388 = {
						CreatedOnToolsVersion = 11.4.1;
					};
				};
			};
			buildConfigurationList = 6BFED5DB245DD7B100B83388 /* Build configuration list for PBXProject "ArticlePreprocessorTool" */;
			compatibilityVersion = "Xcode 11.4";
			developmentRegion = en;
			hasScannedForEncodings = 0;
			knownRegions = (
				en,
				Base,
			);
			mainGroup = 6BFED5D7245DD7B100B83388;
			productRefGroup = 6BFED5E1245DD7B100B83388 /* Products */;
			projectDirPath = "";
			projectRoot = "";
			targets = (
				6BFED5DF245DD7B100B83388 /* ArticlePreprocessorTool */,
				6B619B21247956180003DD9B /* ArticlePreprocessorToolTests */,
				6BB3BD12256AFFE800A1C28E /* ArticlePreprocessor */,
			);
		};
/* End PBXProject section */

/* Begin PBXResourcesBuildPhase section */
		6B619B20247956180003DD9B /* Resources */ = {
			isa = PBXResourcesBuildPhase;
			buildActionMask = 2147483647;
			files = (
			);
			runOnlyForDeploymentPostprocessing = 0;
		};
		6BB3BD11256AFFE800A1C28E /* Resources */ = {
			isa = PBXResourcesBuildPhase;
			buildActionMask = 2147483647;
			files = (
			);
			runOnlyForDeploymentPostprocessing = 0;
		};
/* End PBXResourcesBuildPhase section */

/* Begin PBXSourcesBuildPhase section */
		6B619B1E247956180003DD9B /* Sources */ = {
			isa = PBXSourcesBuildPhase;
			buildActionMask = 2147483647;
			files = (
				6B619B25247956180003DD9B /* ArticlePreprocessorToolTests.swift in Sources */,
				6B619B35247957900003DD9B /* ArticlePreprocessorTool.swift in Sources */,
			);
			runOnlyForDeploymentPostprocessing = 0;
		};
		6BB3BD0F256AFFE800A1C28E /* Sources */ = {
			isa = PBXSourcesBuildPhase;
			buildActionMask = 2147483647;
			files = (
				6BB3BD23256B002C00A1C28E /* ArticlePreprocessorTool.swift in Sources */,
			);
			runOnlyForDeploymentPostprocessing = 0;
		};
		6BFED5DC245DD7B100B83388 /* Sources */ = {
			isa = PBXSourcesBuildPhase;
			buildActionMask = 2147483647;
			files = (
				6BFED5E4245DD7B100B83388 /* main.swift in Sources */,
				6B619AF624794F170003DD9B /* ArticlePreprocessorTool.swift in Sources */,
			);
			runOnlyForDeploymentPostprocessing = 0;
		};
/* End PBXSourcesBuildPhase section */

/* Begin XCBuildConfiguration section */
		6B619B2A247956180003DD9B /* Debug */ = {
			isa = XCBuildConfiguration;
			buildSettings = {
				CODE_SIGN_STYLE = Automatic;
				COMBINE_HIDPI_IMAGES = YES;
				DEVELOPMENT_TEAM = SB56D8K42E;
				INFOPLIST_FILE = ArticlePreprocessorToolTests/Info.plist;
				LD_RUNPATH_SEARCH_PATHS = (
					"$(inherited)",
					"@executable_path/../Frameworks",
					"@loader_path/../Frameworks",
				);
				PRODUCT_BUNDLE_IDENTIFIER = ch.zajo.ArticlePreprocessorToolTests;
				PRODUCT_NAME = "$(TARGET_NAME)";
				SWIFT_VERSION = 5.0;
			};
			name = Debug;
		};
		6B619B2B247956180003DD9B /* Release */ = {
			isa = XCBuildConfiguration;
			buildSettings = {
				CODE_SIGN_STYLE = Automatic;
				COMBINE_HIDPI_IMAGES = YES;
				DEVELOPMENT_TEAM = SB56D8K42E;
				INFOPLIST_FILE = ArticlePreprocessorToolTests/Info.plist;
				LD_RUNPATH_SEARCH_PATHS = (
					"$(inherited)",
					"@executable_path/../Frameworks",
					"@loader_path/../Frameworks",
				);
				PRODUCT_BUNDLE_IDENTIFIER = ch.zajo.ArticlePreprocessorToolTests;
				PRODUCT_NAME = "$(TARGET_NAME)";
				SWIFT_VERSION = 5.0;
			};
			name = Release;
		};
		6BB3BD19256AFFE800A1C28E /* Debug */ = {
			isa = XCBuildConfiguration;
			buildSettings = {
				CLANG_WARN_QUOTED_INCLUDE_IN_FRAMEWORK_HEADER = YES;
				CODE_SIGN_STYLE = Automatic;
				CURRENT_PROJECT_VERSION = 1;
				DEFINES_MODULE = YES;
				DEVELOPMENT_TEAM = SB56D8K42E;
				DYLIB_COMPATIBILITY_VERSION = 1;
				DYLIB_CURRENT_VERSION = 1;
				DYLIB_INSTALL_NAME_BASE = "@rpath";
				INFOPLIST_FILE = ArticlePreprocessor/Info.plist;
				INSTALL_PATH = "$(LOCAL_LIBRARY_DIR)/Frameworks";
				IPHONEOS_DEPLOYMENT_TARGET = 14.2;
				LD_RUNPATH_SEARCH_PATHS = (
					"$(inherited)",
					"@executable_path/Frameworks",
					"@loader_path/Frameworks",
				);
				PRODUCT_BUNDLE_IDENTIFIER = "ch.zajo.tensorflow-light-fw.ArticlePreprocessor";
				PRODUCT_NAME = "$(TARGET_NAME:c99extidentifier)";
				SDKROOT = iphoneos;
				SKIP_INSTALL = YES;
				SWIFT_VERSION = 5.0;
				TARGETED_DEVICE_FAMILY = "1,2";
				VERSIONING_SYSTEM = "apple-generic";
				VERSION_INFO_PREFIX = "";
			};
			name = Debug;
		};
		6BB3BD1A256AFFE800A1C28E /* Release */ = {
			isa = XCBuildConfiguration;
			buildSettings = {
				CLANG_WARN_QUOTED_INCLUDE_IN_FRAMEWORK_HEADER = YES;
				CODE_SIGN_STYLE = Automatic;
				CURRENT_PROJECT_VERSION = 1;
				DEFINES_MODULE = YES;
				DEVELOPMENT_TEAM = SB56D8K42E;
				DYLIB_COMPATIBILITY_VERSION = 1;
				DYLIB_CURRENT_VERSION = 1;
				DYLIB_INSTALL_NAME_BASE = "@rpath";
				INFOPLIST_FILE = ArticlePreprocessor/Info.plist;
				INSTALL_PATH = "$(LOCAL_LIBRARY_DIR)/Frameworks";
				IPHONEOS_DEPLOYMENT_TARGET = 14.2;
				LD_RUNPATH_SEARCH_PATHS = (
					"$(inherited)",
					"@executable_path/Frameworks",
					"@loader_path/Frameworks",
				);
				PRODUCT_BUNDLE_IDENTIFIER = "ch.zajo.tensorflow-light-fw.ArticlePreprocessor";
				PRODUCT_NAME = "$(TARGET_NAME:c99extidentifier)";
				SDKROOT = iphoneos;
				SKIP_INSTALL = YES;
				SWIFT_VERSION = 5.0;
				TARGETED_DEVICE_FAMILY = "1,2";
				VALIDATE_PRODUCT = YES;
				VERSIONING_SYSTEM = "apple-generic";
				VERSION_INFO_PREFIX = "";
			};
			name = Release;
		};
		6BFED5E5245DD7B100B83388 /* Debug */ = {
			isa = XCBuildConfiguration;
			buildSettings = {
				ALWAYS_SEARCH_USER_PATHS = NO;
				CLANG_ANALYZER_NONNULL = YES;
				CLANG_ANALYZER_NUMBER_OBJECT_CONVERSION = YES_AGGRESSIVE;
				CLANG_CXX_LANGUAGE_STANDARD = "gnu++14";
				CLANG_CXX_LIBRARY = "libc++";
				CLANG_ENABLE_MODULES = YES;
				CLANG_ENABLE_OBJC_ARC = YES;
				CLANG_ENABLE_OBJC_WEAK = YES;
				CLANG_WARN_BLOCK_CAPTURE_AUTORELEASING = YES;
				CLANG_WARN_BOOL_CONVERSION = YES;
				CLANG_WARN_COMMA = YES;
				CLANG_WARN_CONSTANT_CONVERSION = YES;
				CLANG_WARN_DEPRECATED_OBJC_IMPLEMENTATIONS = YES;
				CLANG_WARN_DIRECT_OBJC_ISA_USAGE = YES_ERROR;
				CLANG_WARN_DOCUMENTATION_COMMENTS = YES;
				CLANG_WARN_EMPTY_BODY = YES;
				CLANG_WARN_ENUM_CONVERSION = YES;
				CLANG_WARN_INFINITE_RECURSION = YES;
				CLANG_WARN_INT_CONVERSION = YES;
				CLANG_WARN_NON_LITERAL_NULL_CONVERSION = YES;
				CLANG_WARN_OBJC_IMPLICIT_RETAIN_SELF = YES;
				CLANG_WARN_OBJC_LITERAL_CONVERSION = YES;
				CLANG_WARN_OBJC_ROOT_CLASS = YES_ERROR;
				CLANG_WARN_RANGE_LOOP_ANALYSIS = YES;
				CLANG_WARN_STRICT_PROTOTYPES = YES;
				CLANG_WARN_SUSPICIOUS_MOVE = YES;
				CLANG_WARN_UNGUARDED_AVAILABILITY = YES_AGGRESSIVE;
				CLANG_WARN_UNREACHABLE_CODE = YES;
				CLANG_WARN__DUPLICATE_METHOD_MATCH = YES;
				COPY_PHASE_STRIP = NO;
				DEBUG_INFORMATION_FORMAT = dwarf;
				ENABLE_STRICT_OBJC_MSGSEND = YES;
				ENABLE_TESTABILITY = YES;
				GCC_C_LANGUAGE_STANDARD = gnu11;
				GCC_DYNAMIC_NO_PIC = NO;
				GCC_NO_COMMON_BLOCKS = YES;
				GCC_OPTIMIZATION_LEVEL = 0;
				GCC_PREPROCESSOR_DEFINITIONS = (
					"DEBUG=1",
					"$(inherited)",
				);
				GCC_WARN_64_TO_32_BIT_CONVERSION = YES;
				GCC_WARN_ABOUT_RETURN_TYPE = YES_ERROR;
				GCC_WARN_UNDECLARED_SELECTOR = YES;
				GCC_WARN_UNINITIALIZED_AUTOS = YES_AGGRESSIVE;
				GCC_WARN_UNUSED_FUNCTION = YES;
				GCC_WARN_UNUSED_VARIABLE = YES;
				MACOSX_DEPLOYMENT_TARGET = 10.15;
				MTL_ENABLE_DEBUG_INFO = INCLUDE_SOURCE;
				MTL_FAST_MATH = YES;
				ONLY_ACTIVE_ARCH = YES;
				SDKROOT = macosx;
				SWIFT_ACTIVE_COMPILATION_CONDITIONS = DEBUG;
				SWIFT_OPTIMIZATION_LEVEL = "-Onone";
			};
			name = Debug;
		};
		6BFED5E6245DD7B100B83388 /* Release */ = {
			isa = XCBuildConfiguration;
			buildSettings = {
				ALWAYS_SEARCH_USER_PATHS = NO;
				CLANG_ANALYZER_NONNULL = YES;
				CLANG_ANALYZER_NUMBER_OBJECT_CONVERSION = YES_AGGRESSIVE;
				CLANG_CXX_LANGUAGE_STANDARD = "gnu++14";
				CLANG_CXX_LIBRARY = "libc++";
				CLANG_ENABLE_MODULES = YES;
				CLANG_ENABLE_OBJC_ARC = YES;
				CLANG_ENABLE_OBJC_WEAK = YES;
				CLANG_WARN_BLOCK_CAPTURE_AUTORELEASING = YES;
				CLANG_WARN_BOOL_CONVERSION = YES;
				CLANG_WARN_COMMA = YES;
				CLANG_WARN_CONSTANT_CONVERSION = YES;
				CLANG_WARN_DEPRECATED_OBJC_IMPLEMENTATIONS = YES;
				CLANG_WARN_DIRECT_OBJC_ISA_USAGE = YES_ERROR;
				CLANG_WARN_DOCUMENTATION_COMMENTS = YES;
				CLANG_WARN_EMPTY_BODY = YES;
				CLANG_WARN_ENUM_CONVERSION = YES;
				CLANG_WARN_INFINITE_RECURSION = YES;
				CLANG_WARN_INT_CONVERSION = YES;
				CLANG_WARN_NON_LITERAL_NULL_CONVERSION = YES;
				CLANG_WARN_OBJC_IMPLICIT_RETAIN_SELF = YES;
				CLANG_WARN_OBJC_LITERAL_CONVERSION = YES;
				CLANG_WARN_OBJC_ROOT_CLASS = YES_ERROR;
				CLANG_WARN_RANGE_LOOP_ANALYSIS = YES;
				CLANG_WARN_STRICT_PROTOTYPES = YES;
				CLANG_WARN_SUSPICIOUS_MOVE = YES;
				CLANG_WARN_UNGUARDED_AVAILABILITY = YES_AGGRESSIVE;
				CLANG_WARN_UNREACHABLE_CODE = YES;
				CLANG_WARN__DUPLICATE_METHOD_MATCH = YES;
				COPY_PHASE_STRIP = NO;
				DEBUG_INFORMATION_FORMAT = "dwarf-with-dsym";
				ENABLE_NS_ASSERTIONS = NO;
				ENABLE_STRICT_OBJC_MSGSEND = YES;
				GCC_C_LANGUAGE_STANDARD = gnu11;
				GCC_NO_COMMON_BLOCKS = YES;
				GCC_WARN_64_TO_32_BIT_CONVERSION = YES;
				GCC_WARN_ABOUT_RETURN_TYPE = YES_ERROR;
				GCC_WARN_UNDECLARED_SELECTOR = YES;
				GCC_WARN_UNINITIALIZED_AUTOS = YES_AGGRESSIVE;
				GCC_WARN_UNUSED_FUNCTION = YES;
				GCC_WARN_UNUSED_VARIABLE = YES;
				MACOSX_DEPLOYMENT_TARGET = 10.15;
				MTL_ENABLE_DEBUG_INFO = NO;
				MTL_FAST_MATH = YES;
				SDKROOT = macosx;
				SWIFT_COMPILATION_MODE = wholemodule;
				SWIFT_OPTIMIZATION_LEVEL = "-O";
			};
			name = Release;
		};
		6BFED5E8245DD7B100B83388 /* Debug */ = {
			isa = XCBuildConfiguration;
			buildSettings = {
				CODE_SIGN_STYLE = Automatic;
				DEVELOPMENT_ASSET_PATHS = "";
				DEVELOPMENT_TEAM = SB56D8K42E;
				ENABLE_HARDENED_RUNTIME = YES;
				PRODUCT_NAME = "$(TARGET_NAME)";
				SWIFT_VERSION = 5.0;
			};
			name = Debug;
		};
		6BFED5E9245DD7B100B83388 /* Release */ = {
			isa = XCBuildConfiguration;
			buildSettings = {
				CODE_SIGN_STYLE = Automatic;
				DEVELOPMENT_ASSET_PATHS = "";
				DEVELOPMENT_TEAM = SB56D8K42E;
				ENABLE_HARDENED_RUNTIME = YES;
				PRODUCT_NAME = "$(TARGET_NAME)";
				SWIFT_VERSION = 5.0;
			};
			name = Release;
		};
/* End XCBuildConfiguration section */

/* Begin XCConfigurationList section */
		6B619B29247956180003DD9B /* Build configuration list for PBXNativeTarget "ArticlePreprocessorToolTests" */ = {
			isa = XCConfigurationList;
			buildConfigurations = (
				6B619B2A247956180003DD9B /* Debug */,
				6B619B2B247956180003DD9B /* Release */,
			);
			defaultConfigurationIsVisible = 0;
			defaultConfigurationName = Release;
		};
		6BB3BD18256AFFE800A1C28E /* Build configuration list for PBXNativeTarget "ArticlePreprocessor" */ = {
			isa = XCConfigurationList;
			buildConfigurations = (
				6BB3BD19256AFFE800A1C28E /* Debug */,
				6BB3BD1A256AFFE800A1C28E /* Release */,
			);
			defaultConfigurationIsVisible = 0;
			defaultConfigurationName = Release;
		};
		6BFED5DB245DD7B100B83388 /* Build configuration list for PBXProject "ArticlePreprocessorTool" */ = {
			isa = XCConfigurationList;
			buildConfigurations = (
				6BFED5E5245DD7B100B83388 /* Debug */,
				6BFED5E6245DD7B100B83388 /* Release */,
			);
			defaultConfigurationIsVisible = 0;
			defaultConfigurationName = Release;
		};
		6BFED5E7245DD7B100B83388 /* Build configuration list for PBXNativeTarget "ArticlePreprocessorTool" */ = {
			isa = XCConfigurationList;
			buildConfigurations = (
				6BFED5E8245DD7B100B83388 /* Debug */,
				6BFED5E9245DD7B100B83388 /* Release */,
			);
			defaultConfigurationIsVisible = 0;
			defaultConfigurationName = Release;
		};
/* End XCConfigurationList section */

/* Begin XCSwiftPackageProductDependency section */
		6B619B30247956E50003DD9B /* ArticleClassifierCore */ = {
			isa = XCSwiftPackageProductDependency;
			productName = ArticleClassifierCore;
		};
		6B619B32247956E50003DD9B /* ZaJoLibrary */ = {
			isa = XCSwiftPackageProductDependency;
			productName = ZaJoLibrary;
		};
		6BB3BD2D256B012100A1C28E /* ArticleClassifierCore */ = {
			isa = XCSwiftPackageProductDependency;
			productName = ArticleClassifierCore;
		};
		6BB3BD2F256B012100A1C28E /* ZaJoLibrary */ = {
			isa = XCSwiftPackageProductDependency;
			productName = ZaJoLibrary;
		};
		6BFED5ED245F000000B83388 /* ArticleClassifierCore */ = {
			isa = XCSwiftPackageProductDependency;
			productName = ArticleClassifierCore;
		};
		6BFED5EF245F000000B83388 /* ZaJoLibrary */ = {
			isa = XCSwiftPackageProductDependency;
			productName = ZaJoLibrary;
		};
/* End XCSwiftPackageProductDependency section */
	};
	rootObject = 6BFED5D8245DD7B100B83388 /* Project object */;
}
