{
  "object": {
    "pins": [
      {
        "package": "FeedKit",
        "repositoryURL": "https://github.com/nmdias/FeedKit",
        "state": {
          "branch": null,
          "revision": "68493a33d862c33c9a9f67ec729b3b7df1b20ade",
          "version": "9.1.2"
        }
      },
      {
        "package": "HTMLString",
        "repositoryURL": "https://github.com/alexaubry/HTMLString",
        "state": {
          "branch": null,
          "revision": "7fb27bf13771e239c9952507199920dfe1605ca9",
          "version": "4.0.2"
        }
      },
      {
        "package": "Kingfisher",
        "repositoryURL": "https://github.com/onevcat/Kingfisher.git",
        "state": {
          "branch": null,
          "revision": "0e548b700c7c123dd3b2ac776e90d63a540f084d",
          "version": "5.15.7"
        }
      },
      {
        "package": "SideMenu",
        "repositoryURL": "https://github.com/kukushi/SideMenu.git",
        "state": {
          "branch": null,
          "revision": "7cfac20c198a52cdacc649adcbc28718bb54a497",
          "version": "2.0.6"
        }
      },
      {
        "package": "Swinject",
        "repositoryURL": "https://github.com/Swinject/Swinject.git",
        "state": {
          "branch": null,
          "revision": "8a76d2c74bafbb455763487cc6a08e91bad1f78b",
          "version": "2.7.1"
        }
      }
    ]
  },
  "version": 1
}
